// !$*UTF8*$!
{
	archiveVersion = 1;
	classes = {
	};
	objectVersion = 48;
	objects = {

/* Begin PBXBuildFile section */
		2DA62DDF03A34E24A5B3C3B2 /* libRCTContacts.a in Frameworks */ = {isa = PBXBuildFile; fileRef = 6B4F49D009044D08A1DB82DA /* libRCTContacts.a */; };
		4210AF401F95CE6D008132C5 /* XGQBCommissionViewController.m in Sources */ = {isa = PBXBuildFile; fileRef = 4210AF3F1F95CE6D008132C5 /* XGQBCommissionViewController.m */; };
		4210AF431F95D1ED008132C5 /* XGQBActiMessTVC.m in Sources */ = {isa = PBXBuildFile; fileRef = 4210AF421F95D1ED008132C5 /* XGQBActiMessTVC.m */; };
		4210AF461F95D20D008132C5 /* XGQBCommMessTVC.m in Sources */ = {isa = PBXBuildFile; fileRef = 4210AF451F95D20D008132C5 /* XGQBCommMessTVC.m */; };
		421412EA1FA0808500290A06 /* mess.plist in Resources */ = {isa = PBXBuildFile; fileRef = 421412E91FA0808500290A06 /* mess.plist */; };
		421412ED1FA08FDD00290A06 /* XGQBActiRedPView.m in Sources */ = {isa = PBXBuildFile; fileRef = 421412EC1FA08FDD00290A06 /* XGQBActiRedPView.m */; };
		422895701F8F4B88005E16E1 /* XGQBIDRegisterTableViewController.m in Sources */ = {isa = PBXBuildFile; fileRef = 4228956F1F8F4B88005E16E1 /* XGQBIDRegisterTableViewController.m */; };
		422895731F8F5152005E16E1 /* XGQBRegisterTVCell.m in Sources */ = {isa = PBXBuildFile; fileRef = 422895721F8F5152005E16E1 /* XGQBRegisterTVCell.m */; };
		422A2D821F8F02F500485DB5 /* XGQBHomeTitleView.m in Sources */ = {isa = PBXBuildFile; fileRef = 422A2D811F8F02F500485DB5 /* XGQBHomeTitleView.m */; };
		42395CEB1F8E00A800D20130 /* XGQBIDAlertView.m in Sources */ = {isa = PBXBuildFile; fileRef = 42395CE91F8E00A700D20130 /* XGQBIDAlertView.m */; };
		42395CEE1F8E00FA00D20130 /* XGQBIDAlertViewController.m in Sources */ = {isa = PBXBuildFile; fileRef = 42395CED1F8E00FA00D20130 /* XGQBIDAlertViewController.m */; };
		42395CF11F8E069300D20130 /* XGQBIDAlertTransiton.m in Sources */ = {isa = PBXBuildFile; fileRef = 42395CF01F8E069300D20130 /* XGQBIDAlertTransiton.m */; };
		4255866B1F94A85B002E039B /* XGQBMineHeaderView.m in Sources */ = {isa = PBXBuildFile; fileRef = 4255866A1F94A85B002E039B /* XGQBMineHeaderView.m */; };
		4255866E1F94A879002E039B /* XGQBMineItemCell.m in Sources */ = {isa = PBXBuildFile; fileRef = 4255866D1F94A879002E039B /* XGQBMineItemCell.m */; };
		425586711F94C84D002E039B /* XGQBMineTableView.m in Sources */ = {isa = PBXBuildFile; fileRef = 425586701F94C84D002E039B /* XGQBMineTableView.m */; };
		428F56EF1F99E44500615DFE /* XGQBLoginInputView.m in Sources */ = {isa = PBXBuildFile; fileRef = 428F56EE1F99E44500615DFE /* XGQBLoginInputView.m */; };
		42990E761F998F7C00B20EBA /* XGQBNoContentViewController.m in Sources */ = {isa = PBXBuildFile; fileRef = 42990E751F998F7C00B20EBA /* XGQBNoContentViewController.m */; };
		42990E791F99942000B20EBA /* XGQBNetworkFailureViewController.m in Sources */ = {isa = PBXBuildFile; fileRef = 42990E781F99942000B20EBA /* XGQBNetworkFailureViewController.m */; };
		42990E7C1F99D06D00B20EBA /* XGQBRegResetPwdTVController.m in Sources */ = {isa = PBXBuildFile; fileRef = 42990E7B1F99D06D00B20EBA /* XGQBRegResetPwdTVController.m */; };
		42B98A371FA2FC2700850FDB /* XGQBAccountExistAlertViewController.m in Sources */ = {isa = PBXBuildFile; fileRef = 42B98A361FA2FC2700850FDB /* XGQBAccountExistAlertViewController.m */; };
		42B98A3A1FA2FC5B00850FDB /* XGQBAccountExistAlertView.m in Sources */ = {isa = PBXBuildFile; fileRef = 42B98A391FA2FC5B00850FDB /* XGQBAccountExistAlertView.m */; };
		42C0583D1F87771800DE73B6 /* XGQBCountTimeBtn.m in Sources */ = {isa = PBXBuildFile; fileRef = 42C0583B1F87771700DE73B6 /* XGQBCountTimeBtn.m */; };
		42D44AA11F8CCF060064A32D /* XGQBRNViewController.m in Sources */ = {isa = PBXBuildFile; fileRef = 42D44AA01F8CCF060064A32D /* XGQBRNViewController.m */; };
		42D44AA41F8CD3CC0064A32D /* XGQBHomeTitleBtn.m in Sources */ = {isa = PBXBuildFile; fileRef = 42D44AA31F8CD3CC0064A32D /* XGQBHomeTitleBtn.m */; };
		42D5377A1FB03C7900AFB2F7 /* assets in Resources */ = {isa = PBXBuildFile; fileRef = 42D537791FB03C7900AFB2F7 /* assets */; };
		42D5377C1FB03C8600AFB2F7 /* main.jsbundle in Resources */ = {isa = PBXBuildFile; fileRef = 42D5377B1FB03C8600AFB2F7 /* main.jsbundle */; };
		42DD31DB1F8C71BA00B435EA /* Assets.xcassets in Resources */ = {isa = PBXBuildFile; fileRef = 424F391E1F8C67CD00079543 /* Assets.xcassets */; };
		42DD31DE1F8C748D00B435EA /* XGQBHomeBanner.m in Sources */ = {isa = PBXBuildFile; fileRef = 42DD31DD1F8C748D00B435EA /* XGQBHomeBanner.m */; };
		6A01A01D1F7A2AF70059D6D3 /* ABNetworkManager.m in Sources */ = {isa = PBXBuildFile; fileRef = 6A01A01A1F7A2AC20059D6D3 /* ABNetworkManager.m */; };
		6A0FF9D61F7F3A0E001A66BA /* commModule.m in Sources */ = {isa = PBXBuildFile; fileRef = 6A0FF9D51F7F3A0E001A66BA /* commModule.m */; };
		6A1C68AD1F7A3CF400170E47 /* XGQBAPPBootViewController.m in Sources */ = {isa = PBXBuildFile; fileRef = 6A1C68AC1F7A3CF400170E47 /* XGQBAPPBootViewController.m */; };
		6A3843CC1F79E46600BFE9B4 /* XGQBLoginViewController.m in Sources */ = {isa = PBXBuildFile; fileRef = 6A3843CB1F79E46600BFE9B4 /* XGQBLoginViewController.m */; };
		6A4352011F7E22E7009971FD /* YYFPSLabel.m in Sources */ = {isa = PBXBuildFile; fileRef = 6A4352001F7E22E1009971FD /* YYFPSLabel.m */; };
		6A5F69C71F7B930200B16B31 /* XGQBPureColorBtn.m in Sources */ = {isa = PBXBuildFile; fileRef = 6A5F69C61F7B930200B16B31 /* XGQBPureColorBtn.m */; };
		6A792B991F7F6E53009039AF /* XGQBRegRestPwdTVCell.m in Sources */ = {isa = PBXBuildFile; fileRef = 6A792B981F7F6E53009039AF /* XGQBRegRestPwdTVCell.m */; };
		6A792B9C1F7F98A2009039AF /* XGQBTextField.m in Sources */ = {isa = PBXBuildFile; fileRef = 6A792B9B1F7F98A2009039AF /* XGQBTextField.m */; };
		6A8758E21F7A2D0300F480EF /* GVUserDefaults+PropertyList.m in Sources */ = {isa = PBXBuildFile; fileRef = 6A8758E11F7A2CF300F480EF /* GVUserDefaults+PropertyList.m */; };
		6AD95AED1F7CB47900BFF4DA /* NSString+checkContent.m in Sources */ = {isa = PBXBuildFile; fileRef = 6AD95AEC1F7CB47900BFF4DA /* NSString+checkContent.m */; };
		6AD95B321F7D064100BFF4DA /* AssistCoreService.m in Sources */ = {isa = PBXBuildFile; fileRef = 6AD95B2B1F7D060900BFF4DA /* AssistCoreService.m */; };
		6AD95B331F7D064100BFF4DA /* BalanceCoreService.m in Sources */ = {isa = PBXBuildFile; fileRef = 6AD95B291F7D060900BFF4DA /* BalanceCoreService.m */; };
		6AD95B341F7D064100BFF4DA /* BankCardCoreService.m in Sources */ = {isa = PBXBuildFile; fileRef = 6AD95B2C1F7D060900BFF4DA /* BankCardCoreService.m */; };
		6AD95B351F7D064100BFF4DA /* MemberCoreService.m in Sources */ = {isa = PBXBuildFile; fileRef = 6AD95B2E1F7D060900BFF4DA /* MemberCoreService.m */; };
		6AD95B361F7D064100BFF4DA /* MerchantCoreService.m in Sources */ = {isa = PBXBuildFile; fileRef = 6AD95B311F7D060900BFF4DA /* MerchantCoreService.m */; };
		6AE813961F7B48640044B072 /* XGQBRootWebViewController.m in Sources */ = {isa = PBXBuildFile; fileRef = 6AE813951F7B48640044B072 /* XGQBRootWebViewController.m */; };
		6AE813A41F7B4D550044B072 /* XGQBAdViewController.m in Sources */ = {isa = PBXBuildFile; fileRef = 6AE813A31F7B4D550044B072 /* XGQBAdViewController.m */; };
		6AE813A71F7B52960044B072 /* XGQBAppManager.m in Sources */ = {isa = PBXBuildFile; fileRef = 6AE813A61F7B51F90044B072 /* XGQBAppManager.m */; };
		6AE813A81F7B52D40044B072 /* XGQBHomeViewController.m in Sources */ = {isa = PBXBuildFile; fileRef = 6AF9E47C1F78EA0B005E901C /* XGQBHomeViewController.m */; };
		6AF4A75A1F7A31EF006AE5E8 /* IphoneDevice.m in Sources */ = {isa = PBXBuildFile; fileRef = 6AF4A7571F7A31D8006AE5E8 /* IphoneDevice.m */; };
		6AF4A75B1F7A31EF006AE5E8 /* SystemMethods.m in Sources */ = {isa = PBXBuildFile; fileRef = 6AF4A7591F7A31D8006AE5E8 /* SystemMethods.m */; };
		6AF78B8D1F8B60ED002EAAB2 /* XGQBHomeCellBtn.m in Sources */ = {isa = PBXBuildFile; fileRef = 6AF78B8C1F8B60ED002EAAB2 /* XGQBHomeCellBtn.m */; };
		6AF78B901F8B617E002EAAB2 /* XGQBHomeCellView.m in Sources */ = {isa = PBXBuildFile; fileRef = 6AF78B8F1F8B617E002EAAB2 /* XGQBHomeCellView.m */; };
		6AF78B931F8B76CD002EAAB2 /* XGQBHomeBannerView.m in Sources */ = {isa = PBXBuildFile; fileRef = 6AF78B921F8B76CD002EAAB2 /* XGQBHomeBannerView.m */; };
		6AF9E40A1F78DDB6005E901C /* LaunchScreen.storyboard in Resources */ = {isa = PBXBuildFile; fileRef = 6AF9E4081F78DDB6005E901C /* LaunchScreen.storyboard */; };
		6AF9E40D1F78DDB6005E901C /* main.m in Sources */ = {isa = PBXBuildFile; fileRef = 6AF9E40C1F78DDB6005E901C /* main.m */; };
		6AF9E4171F78DDB6005E901C /* XinguangWalletTests.m in Sources */ = {isa = PBXBuildFile; fileRef = 6AF9E4161F78DDB6005E901C /* XinguangWalletTests.m */; };
		6AF9E4221F78DDB6005E901C /* XinguangWalletUITests.m in Sources */ = {isa = PBXBuildFile; fileRef = 6AF9E4211F78DDB6005E901C /* XinguangWalletUITests.m */; };
		6AF9E4371F78E039005E901C /* AppDelegate.m in Sources */ = {isa = PBXBuildFile; fileRef = 6AF9E4341F78DF4E005E901C /* AppDelegate.m */; };
		6AF9E43C1F78E0E9005E901C /* AppDelegate+PushService.m in Sources */ = {isa = PBXBuildFile; fileRef = 6AF9E4381F78E0E9005E901C /* AppDelegate+PushService.m */; };
		6AF9E43D1F78E0E9005E901C /* AppDelegate+AppService.m in Sources */ = {isa = PBXBuildFile; fileRef = 6AF9E43B1F78E0E9005E901C /* AppDelegate+AppService.m */; };
		6AF9E44D1F78E39E005E901C /* XGQBMainTabBarViewController.m in Sources */ = {isa = PBXBuildFile; fileRef = 6AF9E44C1F78E39E005E901C /* XGQBMainTabBarViewController.m */; };
		6AF9E4511F78E659005E901C /* XGQBTabBar.m in Sources */ = {isa = PBXBuildFile; fileRef = 6AF9E4501F78E659005E901C /* XGQBTabBar.m */; };
		6AF9E4541F78E675005E901C /* XGQBTabBarItem.m in Sources */ = {isa = PBXBuildFile; fileRef = 6AF9E4531F78E675005E901C /* XGQBTabBarItem.m */; };
		6AF9E4571F78E68E005E901C /* XGQBTabBarBadge.m in Sources */ = {isa = PBXBuildFile; fileRef = 6AF9E4561F78E68E005E901C /* XGQBTabBarBadge.m */; };
		6AF9E47A1F78E9D4005E901C /* XGQBRootViewController.m in Sources */ = {isa = PBXBuildFile; fileRef = 6AF9E45D1F78E858005E901C /* XGQBRootViewController.m */; };
		6AF9E4801F78EA2F005E901C /* XGQBMessageViewController.m in Sources */ = {isa = PBXBuildFile; fileRef = 6AF9E47F1F78EA2F005E901C /* XGQBMessageViewController.m */; };
		6AF9E4831F78EA3B005E901C /* XGQBMineViewController.m in Sources */ = {isa = PBXBuildFile; fileRef = 6AF9E4821F78EA3B005E901C /* XGQBMineViewController.m */; };
		6AF9E48B1F78EDA9005E901C /* XGQBRootNavigationController.m in Sources */ = {isa = PBXBuildFile; fileRef = 6AF9E48A1F78EDA9005E901C /* XGQBRootNavigationController.m */; };
		E7A419D64D389536228DE027 /* libPods-XinguangWallet.a in Frameworks */ = {isa = PBXBuildFile; fileRef = DFE03A9FABCE2475826A5708 /* libPods-XinguangWallet.a */; };
/* End PBXBuildFile section */

/* Begin PBXContainerItemProxy section */
		4281B52F1FB1D57200EFE342 /* PBXContainerItemProxy */ = {
			isa = PBXContainerItemProxy;
			containerPortal = A7A2E382AB7A45F3A23A18FE /* RCTContacts.xcodeproj */;
			proxyType = 2;
			remoteGlobalIDString = 1441618E1BD0A79300FA4F59;
			remoteInfo = RCTContacts;
		};
		6AF9E4131F78DDB6005E901C /* PBXContainerItemProxy */ = {
			isa = PBXContainerItemProxy;
			containerPortal = 6AF9E3F21F78DDB6005E901C /* Project object */;
			proxyType = 1;
			remoteGlobalIDString = 6AF9E3F91F78DDB6005E901C;
			remoteInfo = XinguangWallet;
		};
		6AF9E41E1F78DDB6005E901C /* PBXContainerItemProxy */ = {
			isa = PBXContainerItemProxy;
			containerPortal = 6AF9E3F21F78DDB6005E901C /* Project object */;
			proxyType = 1;
			remoteGlobalIDString = 6AF9E3F91F78DDB6005E901C;
			remoteInfo = XinguangWallet;
		};
/* End PBXContainerItemProxy section */

/* Begin PBXFileReference section */
		4210AF3E1F95CE6D008132C5 /* XGQBCommissionViewController.h */ = {isa = PBXFileReference; lastKnownFileType = sourcecode.c.h; path = XGQBCommissionViewController.h; sourceTree = "<group>"; };
		4210AF3F1F95CE6D008132C5 /* XGQBCommissionViewController.m */ = {isa = PBXFileReference; lastKnownFileType = sourcecode.c.objc; path = XGQBCommissionViewController.m; sourceTree = "<group>"; };
		4210AF411F95D1ED008132C5 /* XGQBActiMessTVC.h */ = {isa = PBXFileReference; lastKnownFileType = sourcecode.c.h; path = XGQBActiMessTVC.h; sourceTree = "<group>"; };
		4210AF421F95D1ED008132C5 /* XGQBActiMessTVC.m */ = {isa = PBXFileReference; lastKnownFileType = sourcecode.c.objc; path = XGQBActiMessTVC.m; sourceTree = "<group>"; };
		4210AF441F95D20D008132C5 /* XGQBCommMessTVC.h */ = {isa = PBXFileReference; lastKnownFileType = sourcecode.c.h; path = XGQBCommMessTVC.h; sourceTree = "<group>"; };
		4210AF451F95D20D008132C5 /* XGQBCommMessTVC.m */ = {isa = PBXFileReference; lastKnownFileType = sourcecode.c.objc; path = XGQBCommMessTVC.m; sourceTree = "<group>"; };
		421412E91FA0808500290A06 /* mess.plist */ = {isa = PBXFileReference; fileEncoding = 4; lastKnownFileType = text.plist.xml; path = mess.plist; sourceTree = "<group>"; };
		421412EB1FA08FDD00290A06 /* XGQBActiRedPView.h */ = {isa = PBXFileReference; lastKnownFileType = sourcecode.c.h; path = XGQBActiRedPView.h; sourceTree = "<group>"; };
		421412EC1FA08FDD00290A06 /* XGQBActiRedPView.m */ = {isa = PBXFileReference; lastKnownFileType = sourcecode.c.objc; path = XGQBActiRedPView.m; sourceTree = "<group>"; };
		4228956E1F8F4B88005E16E1 /* XGQBIDRegisterTableViewController.h */ = {isa = PBXFileReference; lastKnownFileType = sourcecode.c.h; path = XGQBIDRegisterTableViewController.h; sourceTree = "<group>"; };
		4228956F1F8F4B88005E16E1 /* XGQBIDRegisterTableViewController.m */ = {isa = PBXFileReference; lastKnownFileType = sourcecode.c.objc; path = XGQBIDRegisterTableViewController.m; sourceTree = "<group>"; };
		422895711F8F5152005E16E1 /* XGQBRegisterTVCell.h */ = {isa = PBXFileReference; lastKnownFileType = sourcecode.c.h; path = XGQBRegisterTVCell.h; sourceTree = "<group>"; };
		422895721F8F5152005E16E1 /* XGQBRegisterTVCell.m */ = {isa = PBXFileReference; lastKnownFileType = sourcecode.c.objc; path = XGQBRegisterTVCell.m; sourceTree = "<group>"; };
		422A2D801F8F02F500485DB5 /* XGQBHomeTitleView.h */ = {isa = PBXFileReference; lastKnownFileType = sourcecode.c.h; path = XGQBHomeTitleView.h; sourceTree = "<group>"; };
		422A2D811F8F02F500485DB5 /* XGQBHomeTitleView.m */ = {isa = PBXFileReference; lastKnownFileType = sourcecode.c.objc; path = XGQBHomeTitleView.m; sourceTree = "<group>"; };
		42395CE91F8E00A700D20130 /* XGQBIDAlertView.m */ = {isa = PBXFileReference; lastKnownFileType = sourcecode.c.objc; path = XGQBIDAlertView.m; sourceTree = "<group>"; };
		42395CEA1F8E00A700D20130 /* XGQBIDAlertView.h */ = {isa = PBXFileReference; lastKnownFileType = sourcecode.c.h; path = XGQBIDAlertView.h; sourceTree = "<group>"; };
		42395CEC1F8E00F900D20130 /* XGQBIDAlertViewController.h */ = {isa = PBXFileReference; lastKnownFileType = sourcecode.c.h; path = XGQBIDAlertViewController.h; sourceTree = "<group>"; };
		42395CED1F8E00FA00D20130 /* XGQBIDAlertViewController.m */ = {isa = PBXFileReference; lastKnownFileType = sourcecode.c.objc; path = XGQBIDAlertViewController.m; sourceTree = "<group>"; };
		42395CEF1F8E069300D20130 /* XGQBIDAlertTransiton.h */ = {isa = PBXFileReference; lastKnownFileType = sourcecode.c.h; path = XGQBIDAlertTransiton.h; sourceTree = "<group>"; };
		42395CF01F8E069300D20130 /* XGQBIDAlertTransiton.m */ = {isa = PBXFileReference; lastKnownFileType = sourcecode.c.objc; path = XGQBIDAlertTransiton.m; sourceTree = "<group>"; };
		424F391E1F8C67CD00079543 /* Assets.xcassets */ = {isa = PBXFileReference; lastKnownFileType = folder.assetcatalog; path = Assets.xcassets; sourceTree = "<group>"; };
		425586691F94A85B002E039B /* XGQBMineHeaderView.h */ = {isa = PBXFileReference; lastKnownFileType = sourcecode.c.h; path = XGQBMineHeaderView.h; sourceTree = "<group>"; };
		4255866A1F94A85B002E039B /* XGQBMineHeaderView.m */ = {isa = PBXFileReference; lastKnownFileType = sourcecode.c.objc; path = XGQBMineHeaderView.m; sourceTree = "<group>"; };
		4255866C1F94A879002E039B /* XGQBMineItemCell.h */ = {isa = PBXFileReference; lastKnownFileType = sourcecode.c.h; path = XGQBMineItemCell.h; sourceTree = "<group>"; };
		4255866D1F94A879002E039B /* XGQBMineItemCell.m */ = {isa = PBXFileReference; lastKnownFileType = sourcecode.c.objc; path = XGQBMineItemCell.m; sourceTree = "<group>"; };
		4255866F1F94C84D002E039B /* XGQBMineTableView.h */ = {isa = PBXFileReference; lastKnownFileType = sourcecode.c.h; path = XGQBMineTableView.h; sourceTree = "<group>"; };
		425586701F94C84D002E039B /* XGQBMineTableView.m */ = {isa = PBXFileReference; lastKnownFileType = sourcecode.c.objc; path = XGQBMineTableView.m; sourceTree = "<group>"; };
		425881101F909EFB005566A6 /* XinguangWallet.entitlements */ = {isa = PBXFileReference; lastKnownFileType = text.plist.entitlements; path = XinguangWallet.entitlements; sourceTree = "<group>"; };
		428F56ED1F99E44500615DFE /* XGQBLoginInputView.h */ = {isa = PBXFileReference; lastKnownFileType = sourcecode.c.h; path = XGQBLoginInputView.h; sourceTree = "<group>"; };
		428F56EE1F99E44500615DFE /* XGQBLoginInputView.m */ = {isa = PBXFileReference; lastKnownFileType = sourcecode.c.objc; path = XGQBLoginInputView.m; sourceTree = "<group>"; };
		42990E741F998F7C00B20EBA /* XGQBNoContentViewController.h */ = {isa = PBXFileReference; lastKnownFileType = sourcecode.c.h; path = XGQBNoContentViewController.h; sourceTree = "<group>"; };
		42990E751F998F7C00B20EBA /* XGQBNoContentViewController.m */ = {isa = PBXFileReference; lastKnownFileType = sourcecode.c.objc; path = XGQBNoContentViewController.m; sourceTree = "<group>"; };
		42990E771F99942000B20EBA /* XGQBNetworkFailureViewController.h */ = {isa = PBXFileReference; lastKnownFileType = sourcecode.c.h; path = XGQBNetworkFailureViewController.h; sourceTree = "<group>"; };
		42990E781F99942000B20EBA /* XGQBNetworkFailureViewController.m */ = {isa = PBXFileReference; lastKnownFileType = sourcecode.c.objc; path = XGQBNetworkFailureViewController.m; sourceTree = "<group>"; };
		42990E7A1F99D06D00B20EBA /* XGQBRegResetPwdTVController.h */ = {isa = PBXFileReference; lastKnownFileType = sourcecode.c.h; path = XGQBRegResetPwdTVController.h; sourceTree = "<group>"; };
		42990E7B1F99D06D00B20EBA /* XGQBRegResetPwdTVController.m */ = {isa = PBXFileReference; lastKnownFileType = sourcecode.c.objc; path = XGQBRegResetPwdTVController.m; sourceTree = "<group>"; };
		42B98A351FA2FC2700850FDB /* XGQBAccountExistAlertViewController.h */ = {isa = PBXFileReference; lastKnownFileType = sourcecode.c.h; path = XGQBAccountExistAlertViewController.h; sourceTree = "<group>"; };
		42B98A361FA2FC2700850FDB /* XGQBAccountExistAlertViewController.m */ = {isa = PBXFileReference; lastKnownFileType = sourcecode.c.objc; path = XGQBAccountExistAlertViewController.m; sourceTree = "<group>"; };
		42B98A381FA2FC5B00850FDB /* XGQBAccountExistAlertView.h */ = {isa = PBXFileReference; lastKnownFileType = sourcecode.c.h; path = XGQBAccountExistAlertView.h; sourceTree = "<group>"; };
		42B98A391FA2FC5B00850FDB /* XGQBAccountExistAlertView.m */ = {isa = PBXFileReference; lastKnownFileType = sourcecode.c.objc; path = XGQBAccountExistAlertView.m; sourceTree = "<group>"; };
		42C0583B1F87771700DE73B6 /* XGQBCountTimeBtn.m */ = {isa = PBXFileReference; lastKnownFileType = sourcecode.c.objc; path = XGQBCountTimeBtn.m; sourceTree = "<group>"; };
		42C0583C1F87771700DE73B6 /* XGQBCountTimeBtn.h */ = {isa = PBXFileReference; lastKnownFileType = sourcecode.c.h; path = XGQBCountTimeBtn.h; sourceTree = "<group>"; };
		42D44A9F1F8CCF060064A32D /* XGQBRNViewController.h */ = {isa = PBXFileReference; lastKnownFileType = sourcecode.c.h; path = XGQBRNViewController.h; sourceTree = "<group>"; };
		42D44AA01F8CCF060064A32D /* XGQBRNViewController.m */ = {isa = PBXFileReference; lastKnownFileType = sourcecode.c.objc; path = XGQBRNViewController.m; sourceTree = "<group>"; };
		42D44AA21F8CD3CC0064A32D /* XGQBHomeTitleBtn.h */ = {isa = PBXFileReference; lastKnownFileType = sourcecode.c.h; path = XGQBHomeTitleBtn.h; sourceTree = "<group>"; };
		42D44AA31F8CD3CC0064A32D /* XGQBHomeTitleBtn.m */ = {isa = PBXFileReference; lastKnownFileType = sourcecode.c.objc; path = XGQBHomeTitleBtn.m; sourceTree = "<group>"; };
		42D537791FB03C7900AFB2F7 /* assets */ = {isa = PBXFileReference; lastKnownFileType = folder; name = assets; path = bundle/assets; sourceTree = SOURCE_ROOT; };
		42D5377B1FB03C8600AFB2F7 /* main.jsbundle */ = {isa = PBXFileReference; fileEncoding = 4; lastKnownFileType = text; name = main.jsbundle; path = bundle/main.jsbundle; sourceTree = SOURCE_ROOT; };
		42DD31DC1F8C748D00B435EA /* XGQBHomeBanner.h */ = {isa = PBXFileReference; lastKnownFileType = sourcecode.c.h; path = XGQBHomeBanner.h; sourceTree = "<group>"; };
		42DD31DD1F8C748D00B435EA /* XGQBHomeBanner.m */ = {isa = PBXFileReference; lastKnownFileType = sourcecode.c.objc; path = XGQBHomeBanner.m; sourceTree = "<group>"; };
		6A01A0181F7A2AC20059D6D3 /* ABNetworkCofing.h */ = {isa = PBXFileReference; lastKnownFileType = sourcecode.c.h; path = ABNetworkCofing.h; sourceTree = "<group>"; };
		6A01A0191F7A2AC20059D6D3 /* ABNetworkManager.h */ = {isa = PBXFileReference; lastKnownFileType = sourcecode.c.h; path = ABNetworkManager.h; sourceTree = "<group>"; };
		6A01A01A1F7A2AC20059D6D3 /* ABNetworkManager.m */ = {isa = PBXFileReference; lastKnownFileType = sourcecode.c.objc; path = ABNetworkManager.m; sourceTree = "<group>"; };
		6A0FF9D41F7F3A0E001A66BA /* commModule.h */ = {isa = PBXFileReference; lastKnownFileType = sourcecode.c.h; path = commModule.h; sourceTree = "<group>"; };
		6A0FF9D51F7F3A0E001A66BA /* commModule.m */ = {isa = PBXFileReference; lastKnownFileType = sourcecode.c.objc; path = commModule.m; sourceTree = "<group>"; };
		6A1C68AB1F7A3CF400170E47 /* XGQBAPPBootViewController.h */ = {isa = PBXFileReference; lastKnownFileType = sourcecode.c.h; path = XGQBAPPBootViewController.h; sourceTree = "<group>"; };
		6A1C68AC1F7A3CF400170E47 /* XGQBAPPBootViewController.m */ = {isa = PBXFileReference; lastKnownFileType = sourcecode.c.objc; path = XGQBAPPBootViewController.m; sourceTree = "<group>"; };
		6A3843CA1F79E46600BFE9B4 /* XGQBLoginViewController.h */ = {isa = PBXFileReference; lastKnownFileType = sourcecode.c.h; path = XGQBLoginViewController.h; sourceTree = "<group>"; };
		6A3843CB1F79E46600BFE9B4 /* XGQBLoginViewController.m */ = {isa = PBXFileReference; lastKnownFileType = sourcecode.c.objc; path = XGQBLoginViewController.m; sourceTree = "<group>"; };
		6A4351FF1F7E22E1009971FD /* YYFPSLabel.h */ = {isa = PBXFileReference; lastKnownFileType = sourcecode.c.h; path = YYFPSLabel.h; sourceTree = "<group>"; };
		6A4352001F7E22E1009971FD /* YYFPSLabel.m */ = {isa = PBXFileReference; lastKnownFileType = sourcecode.c.objc; path = YYFPSLabel.m; sourceTree = "<group>"; };
		6A5F69C51F7B930200B16B31 /* XGQBPureColorBtn.h */ = {isa = PBXFileReference; lastKnownFileType = sourcecode.c.h; path = XGQBPureColorBtn.h; sourceTree = "<group>"; };
		6A5F69C61F7B930200B16B31 /* XGQBPureColorBtn.m */ = {isa = PBXFileReference; lastKnownFileType = sourcecode.c.objc; path = XGQBPureColorBtn.m; sourceTree = "<group>"; };
		6A792B971F7F6E53009039AF /* XGQBRegRestPwdTVCell.h */ = {isa = PBXFileReference; lastKnownFileType = sourcecode.c.h; path = XGQBRegRestPwdTVCell.h; sourceTree = "<group>"; };
		6A792B981F7F6E53009039AF /* XGQBRegRestPwdTVCell.m */ = {isa = PBXFileReference; lastKnownFileType = sourcecode.c.objc; path = XGQBRegRestPwdTVCell.m; sourceTree = "<group>"; };
		6A792B9A1F7F98A2009039AF /* XGQBTextField.h */ = {isa = PBXFileReference; lastKnownFileType = sourcecode.c.h; path = XGQBTextField.h; sourceTree = "<group>"; };
		6A792B9B1F7F98A2009039AF /* XGQBTextField.m */ = {isa = PBXFileReference; lastKnownFileType = sourcecode.c.objc; path = XGQBTextField.m; sourceTree = "<group>"; };
		6A8758E01F7A2CF300F480EF /* GVUserDefaults+PropertyList.h */ = {isa = PBXFileReference; lastKnownFileType = sourcecode.c.h; path = "GVUserDefaults+PropertyList.h"; sourceTree = "<group>"; };
		6A8758E11F7A2CF300F480EF /* GVUserDefaults+PropertyList.m */ = {isa = PBXFileReference; lastKnownFileType = sourcecode.c.objc; path = "GVUserDefaults+PropertyList.m"; sourceTree = "<group>"; };
		6AD95AEB1F7CB47900BFF4DA /* NSString+checkContent.h */ = {isa = PBXFileReference; lastKnownFileType = sourcecode.c.h; path = "NSString+checkContent.h"; sourceTree = "<group>"; };
		6AD95AEC1F7CB47900BFF4DA /* NSString+checkContent.m */ = {isa = PBXFileReference; lastKnownFileType = sourcecode.c.objc; path = "NSString+checkContent.m"; sourceTree = "<group>"; };
		6AD95B281F7D060900BFF4DA /* AssistCoreService.h */ = {isa = PBXFileReference; lastKnownFileType = sourcecode.c.h; path = AssistCoreService.h; sourceTree = "<group>"; };
		6AD95B291F7D060900BFF4DA /* BalanceCoreService.m */ = {isa = PBXFileReference; lastKnownFileType = sourcecode.c.objc; path = BalanceCoreService.m; sourceTree = "<group>"; };
		6AD95B2A1F7D060900BFF4DA /* MemberCoreService.h */ = {isa = PBXFileReference; lastKnownFileType = sourcecode.c.h; path = MemberCoreService.h; sourceTree = "<group>"; };
		6AD95B2B1F7D060900BFF4DA /* AssistCoreService.m */ = {isa = PBXFileReference; lastKnownFileType = sourcecode.c.objc; path = AssistCoreService.m; sourceTree = "<group>"; };
		6AD95B2C1F7D060900BFF4DA /* BankCardCoreService.m */ = {isa = PBXFileReference; lastKnownFileType = sourcecode.c.objc; path = BankCardCoreService.m; sourceTree = "<group>"; };
		6AD95B2D1F7D060900BFF4DA /* BankCardCoreService.h */ = {isa = PBXFileReference; lastKnownFileType = sourcecode.c.h; path = BankCardCoreService.h; sourceTree = "<group>"; };
		6AD95B2E1F7D060900BFF4DA /* MemberCoreService.m */ = {isa = PBXFileReference; lastKnownFileType = sourcecode.c.objc; path = MemberCoreService.m; sourceTree = "<group>"; };
		6AD95B2F1F7D060900BFF4DA /* MerchantCoreService.h */ = {isa = PBXFileReference; lastKnownFileType = sourcecode.c.h; path = MerchantCoreService.h; sourceTree = "<group>"; };
		6AD95B301F7D060900BFF4DA /* BalanceCoreService.h */ = {isa = PBXFileReference; lastKnownFileType = sourcecode.c.h; path = BalanceCoreService.h; sourceTree = "<group>"; };
		6AD95B311F7D060900BFF4DA /* MerchantCoreService.m */ = {isa = PBXFileReference; lastKnownFileType = sourcecode.c.objc; path = MerchantCoreService.m; sourceTree = "<group>"; };
		6AE813941F7B48640044B072 /* XGQBRootWebViewController.h */ = {isa = PBXFileReference; lastKnownFileType = sourcecode.c.h; path = XGQBRootWebViewController.h; sourceTree = "<group>"; };
		6AE813951F7B48640044B072 /* XGQBRootWebViewController.m */ = {isa = PBXFileReference; lastKnownFileType = sourcecode.c.objc; path = XGQBRootWebViewController.m; sourceTree = "<group>"; };
		6AE813A21F7B4D550044B072 /* XGQBAdViewController.h */ = {isa = PBXFileReference; lastKnownFileType = sourcecode.c.h; path = XGQBAdViewController.h; sourceTree = "<group>"; };
		6AE813A31F7B4D550044B072 /* XGQBAdViewController.m */ = {isa = PBXFileReference; lastKnownFileType = sourcecode.c.objc; path = XGQBAdViewController.m; sourceTree = "<group>"; };
		6AE813A51F7B51F50044B072 /* XGQBAppManager.h */ = {isa = PBXFileReference; lastKnownFileType = sourcecode.c.h; path = XGQBAppManager.h; sourceTree = "<group>"; };
		6AE813A61F7B51F90044B072 /* XGQBAppManager.m */ = {isa = PBXFileReference; lastKnownFileType = sourcecode.c.objc; path = XGQBAppManager.m; sourceTree = "<group>"; };
		6AF4A7561F7A31D8006AE5E8 /* IphoneDevice.h */ = {isa = PBXFileReference; lastKnownFileType = sourcecode.c.h; path = IphoneDevice.h; sourceTree = "<group>"; };
		6AF4A7571F7A31D8006AE5E8 /* IphoneDevice.m */ = {isa = PBXFileReference; lastKnownFileType = sourcecode.c.objc; path = IphoneDevice.m; sourceTree = "<group>"; };
		6AF4A7581F7A31D8006AE5E8 /* SystemMethods.h */ = {isa = PBXFileReference; lastKnownFileType = sourcecode.c.h; path = SystemMethods.h; sourceTree = "<group>"; };
		6AF4A7591F7A31D8006AE5E8 /* SystemMethods.m */ = {isa = PBXFileReference; lastKnownFileType = sourcecode.c.objc; path = SystemMethods.m; sourceTree = "<group>"; };
		6AF78B8B1F8B60ED002EAAB2 /* XGQBHomeCellBtn.h */ = {isa = PBXFileReference; lastKnownFileType = sourcecode.c.h; path = XGQBHomeCellBtn.h; sourceTree = "<group>"; };
		6AF78B8C1F8B60ED002EAAB2 /* XGQBHomeCellBtn.m */ = {isa = PBXFileReference; lastKnownFileType = sourcecode.c.objc; path = XGQBHomeCellBtn.m; sourceTree = "<group>"; };
		6AF78B8E1F8B617E002EAAB2 /* XGQBHomeCellView.h */ = {isa = PBXFileReference; lastKnownFileType = sourcecode.c.h; path = XGQBHomeCellView.h; sourceTree = "<group>"; };
		6AF78B8F1F8B617E002EAAB2 /* XGQBHomeCellView.m */ = {isa = PBXFileReference; lastKnownFileType = sourcecode.c.objc; path = XGQBHomeCellView.m; sourceTree = "<group>"; };
		6AF78B911F8B76CD002EAAB2 /* XGQBHomeBannerView.h */ = {isa = PBXFileReference; lastKnownFileType = sourcecode.c.h; path = XGQBHomeBannerView.h; sourceTree = "<group>"; };
		6AF78B921F8B76CD002EAAB2 /* XGQBHomeBannerView.m */ = {isa = PBXFileReference; lastKnownFileType = sourcecode.c.objc; path = XGQBHomeBannerView.m; sourceTree = "<group>"; };
		6AF9E3FA1F78DDB6005E901C /* XinguangWallet.app */ = {isa = PBXFileReference; explicitFileType = wrapper.application; includeInIndex = 0; path = XinguangWallet.app; sourceTree = BUILT_PRODUCTS_DIR; };
		6AF9E4091F78DDB6005E901C /* Base */ = {isa = PBXFileReference; lastKnownFileType = file.storyboard; name = Base; path = Base.lproj/LaunchScreen.storyboard; sourceTree = "<group>"; };
		6AF9E40B1F78DDB6005E901C /* Info.plist */ = {isa = PBXFileReference; lastKnownFileType = text.plist.xml; path = Info.plist; sourceTree = "<group>"; };
		6AF9E40C1F78DDB6005E901C /* main.m */ = {isa = PBXFileReference; lastKnownFileType = sourcecode.c.objc; path = main.m; sourceTree = "<group>"; };
		6AF9E4121F78DDB6005E901C /* XinguangWalletTests.xctest */ = {isa = PBXFileReference; explicitFileType = wrapper.cfbundle; includeInIndex = 0; path = XinguangWalletTests.xctest; sourceTree = BUILT_PRODUCTS_DIR; };
		6AF9E4161F78DDB6005E901C /* XinguangWalletTests.m */ = {isa = PBXFileReference; lastKnownFileType = sourcecode.c.objc; path = XinguangWalletTests.m; sourceTree = "<group>"; };
		6AF9E4181F78DDB6005E901C /* Info.plist */ = {isa = PBXFileReference; lastKnownFileType = text.plist.xml; path = Info.plist; sourceTree = "<group>"; };
		6AF9E41D1F78DDB6005E901C /* XinguangWalletUITests.xctest */ = {isa = PBXFileReference; explicitFileType = wrapper.cfbundle; includeInIndex = 0; path = XinguangWalletUITests.xctest; sourceTree = BUILT_PRODUCTS_DIR; };
		6AF9E4211F78DDB6005E901C /* XinguangWalletUITests.m */ = {isa = PBXFileReference; lastKnownFileType = sourcecode.c.objc; path = XinguangWalletUITests.m; sourceTree = "<group>"; };
		6AF9E4231F78DDB6005E901C /* Info.plist */ = {isa = PBXFileReference; lastKnownFileType = text.plist.xml; path = Info.plist; sourceTree = "<group>"; };
		6AF9E4331F78DEFB005E901C /* PrefixHeader.pch */ = {isa = PBXFileReference; lastKnownFileType = sourcecode.c.h; path = PrefixHeader.pch; sourceTree = "<group>"; };
		6AF9E4341F78DF4E005E901C /* AppDelegate.m */ = {isa = PBXFileReference; lastKnownFileType = sourcecode.c.objc; path = AppDelegate.m; sourceTree = "<group>"; };
		6AF9E4351F78DF4E005E901C /* AppDelegate.h */ = {isa = PBXFileReference; lastKnownFileType = sourcecode.c.h; path = AppDelegate.h; sourceTree = "<group>"; };
		6AF9E4381F78E0E9005E901C /* AppDelegate+PushService.m */ = {isa = PBXFileReference; lastKnownFileType = sourcecode.c.objc; path = "AppDelegate+PushService.m"; sourceTree = "<group>"; };
		6AF9E4391F78E0E9005E901C /* AppDelegate+PushService.h */ = {isa = PBXFileReference; lastKnownFileType = sourcecode.c.h; path = "AppDelegate+PushService.h"; sourceTree = "<group>"; };
		6AF9E43A1F78E0E9005E901C /* AppDelegate+AppService.h */ = {isa = PBXFileReference; lastKnownFileType = sourcecode.c.h; path = "AppDelegate+AppService.h"; sourceTree = "<group>"; };
		6AF9E43B1F78E0E9005E901C /* AppDelegate+AppService.m */ = {isa = PBXFileReference; lastKnownFileType = sourcecode.c.objc; path = "AppDelegate+AppService.m"; sourceTree = "<group>"; };
		6AF9E43F1F78E1B6005E901C /* CommonMacros.h */ = {isa = PBXFileReference; lastKnownFileType = sourcecode.c.h; path = CommonMacros.h; sourceTree = "<group>"; };
		6AF9E4401F78E1B6005E901C /* FontAndColorMacros.h */ = {isa = PBXFileReference; lastKnownFileType = sourcecode.c.h; path = FontAndColorMacros.h; sourceTree = "<group>"; };
		6AF9E4411F78E1B6005E901C /* ThirdMacros.h */ = {isa = PBXFileReference; lastKnownFileType = sourcecode.c.h; path = ThirdMacros.h; sourceTree = "<group>"; };
		6AF9E4431F78E1B6005E901C /* UtilsMacros.h */ = {isa = PBXFileReference; lastKnownFileType = sourcecode.c.h; path = UtilsMacros.h; sourceTree = "<group>"; };
		6AF9E44B1F78E39E005E901C /* XGQBMainTabBarViewController.h */ = {isa = PBXFileReference; lastKnownFileType = sourcecode.c.h; path = XGQBMainTabBarViewController.h; sourceTree = "<group>"; };
		6AF9E44C1F78E39E005E901C /* XGQBMainTabBarViewController.m */ = {isa = PBXFileReference; lastKnownFileType = sourcecode.c.objc; path = XGQBMainTabBarViewController.m; sourceTree = "<group>"; };
		6AF9E44F1F78E659005E901C /* XGQBTabBar.h */ = {isa = PBXFileReference; lastKnownFileType = sourcecode.c.h; path = XGQBTabBar.h; sourceTree = "<group>"; };
		6AF9E4501F78E659005E901C /* XGQBTabBar.m */ = {isa = PBXFileReference; lastKnownFileType = sourcecode.c.objc; path = XGQBTabBar.m; sourceTree = "<group>"; };
		6AF9E4521F78E675005E901C /* XGQBTabBarItem.h */ = {isa = PBXFileReference; lastKnownFileType = sourcecode.c.h; path = XGQBTabBarItem.h; sourceTree = "<group>"; };
		6AF9E4531F78E675005E901C /* XGQBTabBarItem.m */ = {isa = PBXFileReference; lastKnownFileType = sourcecode.c.objc; path = XGQBTabBarItem.m; sourceTree = "<group>"; };
		6AF9E4551F78E68E005E901C /* XGQBTabBarBadge.h */ = {isa = PBXFileReference; lastKnownFileType = sourcecode.c.h; path = XGQBTabBarBadge.h; sourceTree = "<group>"; };
		6AF9E4561F78E68E005E901C /* XGQBTabBarBadge.m */ = {isa = PBXFileReference; lastKnownFileType = sourcecode.c.objc; path = XGQBTabBarBadge.m; sourceTree = "<group>"; };
		6AF9E45C1F78E858005E901C /* XGQBRootViewController.h */ = {isa = PBXFileReference; lastKnownFileType = sourcecode.c.h; path = XGQBRootViewController.h; sourceTree = "<group>"; };
		6AF9E45D1F78E858005E901C /* XGQBRootViewController.m */ = {isa = PBXFileReference; lastKnownFileType = sourcecode.c.objc; path = XGQBRootViewController.m; sourceTree = "<group>"; };
		6AF9E47B1F78EA0B005E901C /* XGQBHomeViewController.h */ = {isa = PBXFileReference; lastKnownFileType = sourcecode.c.h; path = XGQBHomeViewController.h; sourceTree = "<group>"; };
		6AF9E47C1F78EA0B005E901C /* XGQBHomeViewController.m */ = {isa = PBXFileReference; lastKnownFileType = sourcecode.c.objc; path = XGQBHomeViewController.m; sourceTree = "<group>"; };
		6AF9E47E1F78EA2F005E901C /* XGQBMessageViewController.h */ = {isa = PBXFileReference; lastKnownFileType = sourcecode.c.h; path = XGQBMessageViewController.h; sourceTree = "<group>"; };
		6AF9E47F1F78EA2F005E901C /* XGQBMessageViewController.m */ = {isa = PBXFileReference; lastKnownFileType = sourcecode.c.objc; path = XGQBMessageViewController.m; sourceTree = "<group>"; };
		6AF9E4811F78EA3B005E901C /* XGQBMineViewController.h */ = {isa = PBXFileReference; lastKnownFileType = sourcecode.c.h; path = XGQBMineViewController.h; sourceTree = "<group>"; };
		6AF9E4821F78EA3B005E901C /* XGQBMineViewController.m */ = {isa = PBXFileReference; lastKnownFileType = sourcecode.c.objc; path = XGQBMineViewController.m; sourceTree = "<group>"; };
		6AF9E4891F78EDA9005E901C /* XGQBRootNavigationController.h */ = {isa = PBXFileReference; lastKnownFileType = sourcecode.c.h; path = XGQBRootNavigationController.h; sourceTree = "<group>"; };
		6AF9E48A1F78EDA9005E901C /* XGQBRootNavigationController.m */ = {isa = PBXFileReference; lastKnownFileType = sourcecode.c.objc; path = XGQBRootNavigationController.m; sourceTree = "<group>"; };
		6B4F49D009044D08A1DB82DA /* libRCTContacts.a */ = {isa = PBXFileReference; explicitFileType = undefined; fileEncoding = 9; includeInIndex = 0; lastKnownFileType = archive.ar; path = libRCTContacts.a; sourceTree = "<group>"; };
		A1D6E6C49142EAB9057AFA1A /* Pods-XinguangWallet.debug.xcconfig */ = {isa = PBXFileReference; includeInIndex = 1; lastKnownFileType = text.xcconfig; name = "Pods-XinguangWallet.debug.xcconfig"; path = "Pods/Target Support Files/Pods-XinguangWallet/Pods-XinguangWallet.debug.xcconfig"; sourceTree = "<group>"; };
		A7A2E382AB7A45F3A23A18FE /* RCTContacts.xcodeproj */ = {isa = PBXFileReference; explicitFileType = undefined; fileEncoding = 9; includeInIndex = 0; lastKnownFileType = "wrapper.pb-project"; name = RCTContacts.xcodeproj; path = "../node_modules/react-native-contacts/ios/RCTContacts.xcodeproj"; sourceTree = "<group>"; };
		BC42FA44C79E3FAE16512E1B /* Pods-XinguangWallet.release.xcconfig */ = {isa = PBXFileReference; includeInIndex = 1; lastKnownFileType = text.xcconfig; name = "Pods-XinguangWallet.release.xcconfig"; path = "Pods/Target Support Files/Pods-XinguangWallet/Pods-XinguangWallet.release.xcconfig"; sourceTree = "<group>"; };
		DFE03A9FABCE2475826A5708 /* libPods-XinguangWallet.a */ = {isa = PBXFileReference; explicitFileType = archive.ar; includeInIndex = 0; path = "libPods-XinguangWallet.a"; sourceTree = BUILT_PRODUCTS_DIR; };
/* End PBXFileReference section */

/* Begin PBXFrameworksBuildPhase section */
		6AF9E3F71F78DDB6005E901C /* Frameworks */ = {
			isa = PBXFrameworksBuildPhase;
			buildActionMask = 2147483647;
			files = (
				E7A419D64D389536228DE027 /* libPods-XinguangWallet.a in Frameworks */,
				2DA62DDF03A34E24A5B3C3B2 /* libRCTContacts.a in Frameworks */,
			);
			runOnlyForDeploymentPostprocessing = 0;
		};
		6AF9E40F1F78DDB6005E901C /* Frameworks */ = {
			isa = PBXFrameworksBuildPhase;
			buildActionMask = 2147483647;
			files = (
			);
			runOnlyForDeploymentPostprocessing = 0;
		};
		6AF9E41A1F78DDB6005E901C /* Frameworks */ = {
			isa = PBXFrameworksBuildPhase;
			buildActionMask = 2147483647;
			files = (
			);
			runOnlyForDeploymentPostprocessing = 0;
		};
/* End PBXFrameworksBuildPhase section */

/* Begin PBXGroup section */
		2FD558E3F31DF09C78F29DD7 /* Frameworks */ = {
			isa = PBXGroup;
			children = (
				DFE03A9FABCE2475826A5708 /* libPods-XinguangWallet.a */,
			);
			name = Frameworks;
			sourceTree = "<group>";
		};
		422A2D831F8F033800485DB5 /* Main */ = {
			isa = PBXGroup;
			children = (
				42395CEA1F8E00A700D20130 /* XGQBIDAlertView.h */,
				42395CE91F8E00A700D20130 /* XGQBIDAlertView.m */,
				422A2D801F8F02F500485DB5 /* XGQBHomeTitleView.h */,
				422A2D811F8F02F500485DB5 /* XGQBHomeTitleView.m */,
				6AF78B8E1F8B617E002EAAB2 /* XGQBHomeCellView.h */,
				6AF78B8F1F8B617E002EAAB2 /* XGQBHomeCellView.m */,
				6AF78B911F8B76CD002EAAB2 /* XGQBHomeBannerView.h */,
				6AF78B921F8B76CD002EAAB2 /* XGQBHomeBannerView.m */,
			);
			path = Main;
			sourceTree = "<group>";
		};
		422A2D841F8F033F00485DB5 /* SubViews */ = {
			isa = PBXGroup;
			children = (
				42DD31DC1F8C748D00B435EA /* XGQBHomeBanner.h */,
				42DD31DD1F8C748D00B435EA /* XGQBHomeBanner.m */,
				42D44AA21F8CD3CC0064A32D /* XGQBHomeTitleBtn.h */,
				42D44AA31F8CD3CC0064A32D /* XGQBHomeTitleBtn.m */,
				6AF78B8B1F8B60ED002EAAB2 /* XGQBHomeCellBtn.h */,
				6AF78B8C1F8B60ED002EAAB2 /* XGQBHomeCellBtn.m */,
				422895711F8F5152005E16E1 /* XGQBRegisterTVCell.h */,
				422895721F8F5152005E16E1 /* XGQBRegisterTVCell.m */,
			);
			path = SubViews;
			sourceTree = "<group>";
		};
		423FAB0F1FA6B7300079CB99 /* React Native */ = {
			isa = PBXGroup;
			children = (
				6A0FF9D41F7F3A0E001A66BA /* commModule.h */,
				6A0FF9D51F7F3A0E001A66BA /* commModule.m */,
				42D44A9F1F8CCF060064A32D /* XGQBRNViewController.h */,
				42D44AA01F8CCF060064A32D /* XGQBRNViewController.m */,
			);
			path = "React Native";
			sourceTree = "<group>";
		};
		4281B52C1FB1D57200EFE342 /* Products */ = {
			isa = PBXGroup;
			children = (
				4281B5301FB1D57200EFE342 /* libRCTContacts.a */,
			);
			name = Products;
			sourceTree = "<group>";
		};
		42990E721F998F2C00B20EBA /* Views */ = {
			isa = PBXGroup;
			children = (
				6A792B9A1F7F98A2009039AF /* XGQBTextField.h */,
				6A792B9B1F7F98A2009039AF /* XGQBTextField.m */,
				6A5F69C51F7B930200B16B31 /* XGQBPureColorBtn.h */,
				6A5F69C61F7B930200B16B31 /* XGQBPureColorBtn.m */,
				42C0583C1F87771700DE73B6 /* XGQBCountTimeBtn.h */,
				42C0583B1F87771700DE73B6 /* XGQBCountTimeBtn.m */,
			);
			path = Views;
			sourceTree = "<group>";
		};
		42990E731F998F3900B20EBA /* ViewControllers */ = {
			isa = PBXGroup;
			children = (
				42990E741F998F7C00B20EBA /* XGQBNoContentViewController.h */,
				42990E751F998F7C00B20EBA /* XGQBNoContentViewController.m */,
				42990E771F99942000B20EBA /* XGQBNetworkFailureViewController.h */,
				42990E781F99942000B20EBA /* XGQBNetworkFailureViewController.m */,
			);
			path = ViewControllers;
			sourceTree = "<group>";
		};
		6A01A0171F7A2AC20059D6D3 /* NetworkingConfig */ = {
			isa = PBXGroup;
			children = (
				6AD95B001F7CF84D00BFF4DA /* API */,
				6A01A0181F7A2AC20059D6D3 /* ABNetworkCofing.h */,
				6A01A0191F7A2AC20059D6D3 /* ABNetworkManager.h */,
				6A01A01A1F7A2AC20059D6D3 /* ABNetworkManager.m */,
			);
			path = NetworkingConfig;
			sourceTree = "<group>";
		};
		6A0FF9D71F7F4691001A66BA /* Recovered References */ = {
			isa = PBXGroup;
			children = (
				6B4F49D009044D08A1DB82DA /* libRCTContacts.a */,
			);
			name = "Recovered References";
			sourceTree = "<group>";
		};
		6A1C68AA1F7A3CD300170E47 /* AppBootVC */ = {
			isa = PBXGroup;
			children = (
				6A1C68AB1F7A3CF400170E47 /* XGQBAPPBootViewController.h */,
				6A1C68AC1F7A3CF400170E47 /* XGQBAPPBootViewController.m */,
			);
			path = AppBootVC;
			sourceTree = "<group>";
		};
		6A3843C31F79E43C00BFE9B4 /* Login */ = {
			isa = PBXGroup;
			children = (
				6A3843C41F79E43C00BFE9B4 /* Controller */,
				6A3843C51F79E43C00BFE9B4 /* Logic */,
				6A3843C61F79E43C00BFE9B4 /* Model */,
				6A3843C71F79E43C00BFE9B4 /* Resource */,
				6A3843C81F79E43C00BFE9B4 /* Service */,
				6A3843C91F79E43C00BFE9B4 /* View */,
			);
			path = Login;
			sourceTree = "<group>";
		};
		6A3843C41F79E43C00BFE9B4 /* Controller */ = {
			isa = PBXGroup;
			children = (
				6A3843CA1F79E46600BFE9B4 /* XGQBLoginViewController.h */,
				6A3843CB1F79E46600BFE9B4 /* XGQBLoginViewController.m */,
				42990E7A1F99D06D00B20EBA /* XGQBRegResetPwdTVController.h */,
				42990E7B1F99D06D00B20EBA /* XGQBRegResetPwdTVController.m */,
				42B98A351FA2FC2700850FDB /* XGQBAccountExistAlertViewController.h */,
				42B98A361FA2FC2700850FDB /* XGQBAccountExistAlertViewController.m */,
			);
			path = Controller;
			sourceTree = "<group>";
		};
		6A3843C51F79E43C00BFE9B4 /* Logic */ = {
			isa = PBXGroup;
			children = (
			);
			path = Logic;
			sourceTree = "<group>";
		};
		6A3843C61F79E43C00BFE9B4 /* Model */ = {
			isa = PBXGroup;
			children = (
			);
			path = Model;
			sourceTree = "<group>";
		};
		6A3843C71F79E43C00BFE9B4 /* Resource */ = {
			isa = PBXGroup;
			children = (
			);
			path = Resource;
			sourceTree = "<group>";
		};
		6A3843C81F79E43C00BFE9B4 /* Service */ = {
			isa = PBXGroup;
			children = (
			);
			path = Service;
			sourceTree = "<group>";
		};
		6A3843C91F79E43C00BFE9B4 /* View */ = {
			isa = PBXGroup;
			children = (
				6A792B971F7F6E53009039AF /* XGQBRegRestPwdTVCell.h */,
				6A792B981F7F6E53009039AF /* XGQBRegRestPwdTVCell.m */,
				428F56ED1F99E44500615DFE /* XGQBLoginInputView.h */,
				428F56EE1F99E44500615DFE /* XGQBLoginInputView.m */,
				42B98A381FA2FC5B00850FDB /* XGQBAccountExistAlertView.h */,
				42B98A391FA2FC5B00850FDB /* XGQBAccountExistAlertView.m */,
			);
			path = View;
			sourceTree = "<group>";
		};
		6A4351FE1F7E22D1009971FD /* YYFPSLabel */ = {
			isa = PBXGroup;
			children = (
				6A4351FF1F7E22E1009971FD /* YYFPSLabel.h */,
				6A4352001F7E22E1009971FD /* YYFPSLabel.m */,
			);
			path = YYFPSLabel;
			sourceTree = "<group>";
		};
		6A8758DF1F7A2CDE00F480EF /* Category */ = {
			isa = PBXGroup;
			children = (
				6A8758E01F7A2CF300F480EF /* GVUserDefaults+PropertyList.h */,
				6A8758E11F7A2CF300F480EF /* GVUserDefaults+PropertyList.m */,
				6AD95AEB1F7CB47900BFF4DA /* NSString+checkContent.h */,
				6AD95AEC1F7CB47900BFF4DA /* NSString+checkContent.m */,
			);
			path = Category;
			sourceTree = "<group>";
		};
		6AD95AE71F7C87BE00BFF4DA /* Common */ = {
			isa = PBXGroup;
			children = (
				42990E731F998F3900B20EBA /* ViewControllers */,
				42990E721F998F2C00B20EBA /* Views */,
			);
			path = Common;
			sourceTree = "<group>";
		};
		6AD95B001F7CF84D00BFF4DA /* API */ = {
			isa = PBXGroup;
			children = (
				6AD95B281F7D060900BFF4DA /* AssistCoreService.h */,
				6AD95B2B1F7D060900BFF4DA /* AssistCoreService.m */,
				6AD95B301F7D060900BFF4DA /* BalanceCoreService.h */,
				6AD95B291F7D060900BFF4DA /* BalanceCoreService.m */,
				6AD95B2D1F7D060900BFF4DA /* BankCardCoreService.h */,
				6AD95B2C1F7D060900BFF4DA /* BankCardCoreService.m */,
				6AD95B2A1F7D060900BFF4DA /* MemberCoreService.h */,
				6AD95B2E1F7D060900BFF4DA /* MemberCoreService.m */,
				6AD95B2F1F7D060900BFF4DA /* MerchantCoreService.h */,
				6AD95B311F7D060900BFF4DA /* MerchantCoreService.m */,
			);
			path = API;
			sourceTree = "<group>";
		};
		6AE8138D1F7B47AD0044B072 /* RootWebViewController */ = {
			isa = PBXGroup;
			children = (
				6AE813941F7B48640044B072 /* XGQBRootWebViewController.h */,
				6AE813951F7B48640044B072 /* XGQBRootWebViewController.m */,
			);
			path = RootWebViewController;
			sourceTree = "<group>";
		};
		6AE813A11F7B4D300044B072 /* AdVC */ = {
			isa = PBXGroup;
			children = (
				6AE813A21F7B4D550044B072 /* XGQBAdViewController.h */,
				6AE813A31F7B4D550044B072 /* XGQBAdViewController.m */,
			);
			path = AdVC;
			sourceTree = "<group>";
		};
		6AF4A7551F7A31D8006AE5E8 /* OSXUtil */ = {
			isa = PBXGroup;
			children = (
				6AF4A7561F7A31D8006AE5E8 /* IphoneDevice.h */,
				6AF4A7571F7A31D8006AE5E8 /* IphoneDevice.m */,
				6AF4A7581F7A31D8006AE5E8 /* SystemMethods.h */,
				6AF4A7591F7A31D8006AE5E8 /* SystemMethods.m */,
			);
			path = OSXUtil;
			sourceTree = "<group>";
		};
		6AF9E3F11F78DDB6005E901C = {
			isa = PBXGroup;
			children = (
				6AF9E3FC1F78DDB6005E901C /* XinguangWallet */,
				6AF9E4151F78DDB6005E901C /* XinguangWalletTests */,
				6AF9E4201F78DDB6005E901C /* XinguangWalletUITests */,
				6AF9E3FB1F78DDB6005E901C /* Products */,
				F46AE97D7C6398810D988EDD /* Pods */,
				2FD558E3F31DF09C78F29DD7 /* Frameworks */,
				F6535A29D649472AA58B4289 /* Libraries */,
				6A0FF9D71F7F4691001A66BA /* Recovered References */,
			);
			sourceTree = "<group>";
		};
		6AF9E3FB1F78DDB6005E901C /* Products */ = {
			isa = PBXGroup;
			children = (
				6AF9E3FA1F78DDB6005E901C /* XinguangWallet.app */,
				6AF9E4121F78DDB6005E901C /* XinguangWalletTests.xctest */,
				6AF9E41D1F78DDB6005E901C /* XinguangWalletUITests.xctest */,
			);
			name = Products;
			sourceTree = "<group>";
		};
		6AF9E3FC1F78DDB6005E901C /* XinguangWallet */ = {
			isa = PBXGroup;
			children = (
				425881101F909EFB005566A6 /* XinguangWallet.entitlements */,
				6AF9E42F1F78DE2B005E901C /* AppDelegate */,
				6AF9E4471F78E281005E901C /* Manager */,
				6AF9E4491F78E281005E901C /* Base */,
				6AF9E4481F78E281005E901C /* Modules */,
				6AF9E4461F78E281005E901C /* Utils */,
				6AF9E43E1F78E1B6005E901C /* Define */,
				6AF9E4321F78DEFB005E901C /* Supporting Files */,
			);
			path = XinguangWallet;
			sourceTree = "<group>";
		};
		6AF9E4151F78DDB6005E901C /* XinguangWalletTests */ = {
			isa = PBXGroup;
			children = (
				6AF9E4161F78DDB6005E901C /* XinguangWalletTests.m */,
				6AF9E4181F78DDB6005E901C /* Info.plist */,
			);
			path = XinguangWalletTests;
			sourceTree = "<group>";
		};
		6AF9E4201F78DDB6005E901C /* XinguangWalletUITests */ = {
			isa = PBXGroup;
			children = (
				6AF9E4211F78DDB6005E901C /* XinguangWalletUITests.m */,
				6AF9E4231F78DDB6005E901C /* Info.plist */,
			);
			path = XinguangWalletUITests;
			sourceTree = "<group>";
		};
		6AF9E42F1F78DE2B005E901C /* AppDelegate */ = {
			isa = PBXGroup;
			children = (
				6AF9E4351F78DF4E005E901C /* AppDelegate.h */,
				6AF9E4341F78DF4E005E901C /* AppDelegate.m */,
				6AF9E43A1F78E0E9005E901C /* AppDelegate+AppService.h */,
				6AF9E43B1F78E0E9005E901C /* AppDelegate+AppService.m */,
				6AF9E4391F78E0E9005E901C /* AppDelegate+PushService.h */,
				6AF9E4381F78E0E9005E901C /* AppDelegate+PushService.m */,
			);
			path = AppDelegate;
			sourceTree = "<group>";
		};
		6AF9E4321F78DEFB005E901C /* Supporting Files */ = {
			isa = PBXGroup;
			children = (
				42D537791FB03C7900AFB2F7 /* assets */,
				424F391E1F8C67CD00079543 /* Assets.xcassets */,
				42D5377B1FB03C8600AFB2F7 /* main.jsbundle */,
				6AF9E4081F78DDB6005E901C /* LaunchScreen.storyboard */,
				6AF9E4331F78DEFB005E901C /* PrefixHeader.pch */,
				6AF9E40B1F78DDB6005E901C /* Info.plist */,
				6AF9E40C1F78DDB6005E901C /* main.m */,
			);
			path = "Supporting Files";
			sourceTree = "<group>";
		};
		6AF9E43E1F78E1B6005E901C /* Define */ = {
			isa = PBXGroup;
			children = (
				6AF9E43F1F78E1B6005E901C /* CommonMacros.h */,
				6AF9E4401F78E1B6005E901C /* FontAndColorMacros.h */,
				6AF9E4411F78E1B6005E901C /* ThirdMacros.h */,
				6AF9E4431F78E1B6005E901C /* UtilsMacros.h */,
			);
			path = Define;
			sourceTree = "<group>";
		};
		6AF9E4461F78E281005E901C /* Utils */ = {
			isa = PBXGroup;
			children = (
				6A4351FE1F7E22D1009971FD /* YYFPSLabel */,
				6AF4A7551F7A31D8006AE5E8 /* OSXUtil */,
				6A8758DF1F7A2CDE00F480EF /* Category */,
				6A01A0171F7A2AC20059D6D3 /* NetworkingConfig */,
			);
			path = Utils;
			sourceTree = "<group>";
		};
		6AF9E4471F78E281005E901C /* Manager */ = {
			isa = PBXGroup;
			children = (
				6AE813A51F7B51F50044B072 /* XGQBAppManager.h */,
				6AE813A61F7B51F90044B072 /* XGQBAppManager.m */,
			);
			path = Manager;
			sourceTree = "<group>";
		};
		6AF9E4481F78E281005E901C /* Modules */ = {
			isa = PBXGroup;
			children = (
				423FAB0F1FA6B7300079CB99 /* React Native */,
				6AD95AE71F7C87BE00BFF4DA /* Common */,
				6AE813A11F7B4D300044B072 /* AdVC */,
				6A1C68AA1F7A3CD300170E47 /* AppBootVC */,
				6A3843C31F79E43C00BFE9B4 /* Login */,
				6AF9E4651F78E962005E901C /* Home */,
				6AF9E46C1F78E962005E901C /* Message */,
				6AF9E4731F78E963005E901C /* Mine */,
			);
			path = Modules;
			sourceTree = "<group>";
		};
		6AF9E4491F78E281005E901C /* Base */ = {
			isa = PBXGroup;
			children = (
				6AE8138D1F7B47AD0044B072 /* RootWebViewController */,
				6AF9E4881F78ED8E005E901C /* RootNavigationController */,
				6AF9E45B1F78E858005E901C /* RootViewController */,
				6AF9E44A1F78E35B005E901C /* TabBarController */,
			);
			path = Base;
			sourceTree = "<group>";
		};
		6AF9E44A1F78E35B005E901C /* TabBarController */ = {
			isa = PBXGroup;
			children = (
				6AF9E44E1F78E5FC005E901C /* TabBarViews */,
				6AF9E44B1F78E39E005E901C /* XGQBMainTabBarViewController.h */,
				6AF9E44C1F78E39E005E901C /* XGQBMainTabBarViewController.m */,
			);
			path = TabBarController;
			sourceTree = "<group>";
		};
		6AF9E44E1F78E5FC005E901C /* TabBarViews */ = {
			isa = PBXGroup;
			children = (
				6AF9E44F1F78E659005E901C /* XGQBTabBar.h */,
				6AF9E4501F78E659005E901C /* XGQBTabBar.m */,
				6AF9E4521F78E675005E901C /* XGQBTabBarItem.h */,
				6AF9E4531F78E675005E901C /* XGQBTabBarItem.m */,
				6AF9E4551F78E68E005E901C /* XGQBTabBarBadge.h */,
				6AF9E4561F78E68E005E901C /* XGQBTabBarBadge.m */,
			);
			path = TabBarViews;
			sourceTree = "<group>";
		};
		6AF9E45B1F78E858005E901C /* RootViewController */ = {
			isa = PBXGroup;
			children = (
				6AF9E45C1F78E858005E901C /* XGQBRootViewController.h */,
				6AF9E45D1F78E858005E901C /* XGQBRootViewController.m */,
			);
			path = RootViewController;
			sourceTree = "<group>";
		};
		6AF9E4651F78E962005E901C /* Home */ = {
			isa = PBXGroup;
			children = (
				6AF9E4661F78E962005E901C /* Controller */,
				6AF9E4671F78E962005E901C /* Logic */,
				6AF9E4681F78E962005E901C /* Model */,
				6AF9E4691F78E962005E901C /* Resource */,
				6AF9E46A1F78E962005E901C /* Service */,
				6AF9E46B1F78E962005E901C /* View */,
			);
			path = Home;
			sourceTree = "<group>";
		};
		6AF9E4661F78E962005E901C /* Controller */ = {
			isa = PBXGroup;
			children = (
				6AF9E47B1F78EA0B005E901C /* XGQBHomeViewController.h */,
				6AF9E47C1F78EA0B005E901C /* XGQBHomeViewController.m */,
				42395CEC1F8E00F900D20130 /* XGQBIDAlertViewController.h */,
				42395CED1F8E00FA00D20130 /* XGQBIDAlertViewController.m */,
				4228956E1F8F4B88005E16E1 /* XGQBIDRegisterTableViewController.h */,
				4228956F1F8F4B88005E16E1 /* XGQBIDRegisterTableViewController.m */,
				4210AF3E1F95CE6D008132C5 /* XGQBCommissionViewController.h */,
				4210AF3F1F95CE6D008132C5 /* XGQBCommissionViewController.m */,
			);
			path = Controller;
			sourceTree = "<group>";
		};
		6AF9E4671F78E962005E901C /* Logic */ = {
			isa = PBXGroup;
			children = (
				42395CEF1F8E069300D20130 /* XGQBIDAlertTransiton.h */,
				42395CF01F8E069300D20130 /* XGQBIDAlertTransiton.m */,
			);
			path = Logic;
			sourceTree = "<group>";
		};
		6AF9E4681F78E962005E901C /* Model */ = {
			isa = PBXGroup;
			children = (
			);
			path = Model;
			sourceTree = "<group>";
		};
		6AF9E4691F78E962005E901C /* Resource */ = {
			isa = PBXGroup;
			children = (
			);
			path = Resource;
			sourceTree = "<group>";
		};
		6AF9E46A1F78E962005E901C /* Service */ = {
			isa = PBXGroup;
			children = (
			);
			path = Service;
			sourceTree = "<group>";
		};
		6AF9E46B1F78E962005E901C /* View */ = {
			isa = PBXGroup;
			children = (
				422A2D831F8F033800485DB5 /* Main */,
				422A2D841F8F033F00485DB5 /* SubViews */,
			);
			path = View;
			sourceTree = "<group>";
		};
		6AF9E46C1F78E962005E901C /* Message */ = {
			isa = PBXGroup;
			children = (
				6AF9E46D1F78E962005E901C /* Controller */,
				6AF9E46E1F78E962005E901C /* Logic */,
				6AF9E46F1F78E962005E901C /* Model */,
				6AF9E4701F78E962005E901C /* Resource */,
				6AF9E4711F78E962005E901C /* Service */,
				6AF9E4721F78E962005E901C /* View */,
			);
			path = Message;
			sourceTree = "<group>";
		};
		6AF9E46D1F78E962005E901C /* Controller */ = {
			isa = PBXGroup;
			children = (
				6AF9E47E1F78EA2F005E901C /* XGQBMessageViewController.h */,
				6AF9E47F1F78EA2F005E901C /* XGQBMessageViewController.m */,
				421412E91FA0808500290A06 /* mess.plist */,
			);
			path = Controller;
			sourceTree = "<group>";
		};
		6AF9E46E1F78E962005E901C /* Logic */ = {
			isa = PBXGroup;
			children = (
			);
			path = Logic;
			sourceTree = "<group>";
		};
		6AF9E46F1F78E962005E901C /* Model */ = {
			isa = PBXGroup;
			children = (
			);
			path = Model;
			sourceTree = "<group>";
		};
		6AF9E4701F78E962005E901C /* Resource */ = {
			isa = PBXGroup;
			children = (
			);
			path = Resource;
			sourceTree = "<group>";
		};
		6AF9E4711F78E962005E901C /* Service */ = {
			isa = PBXGroup;
			children = (
			);
			path = Service;
			sourceTree = "<group>";
		};
		6AF9E4721F78E962005E901C /* View */ = {
			isa = PBXGroup;
			children = (
				4210AF411F95D1ED008132C5 /* XGQBActiMessTVC.h */,
				4210AF421F95D1ED008132C5 /* XGQBActiMessTVC.m */,
				4210AF441F95D20D008132C5 /* XGQBCommMessTVC.h */,
				4210AF451F95D20D008132C5 /* XGQBCommMessTVC.m */,
				421412EB1FA08FDD00290A06 /* XGQBActiRedPView.h */,
				421412EC1FA08FDD00290A06 /* XGQBActiRedPView.m */,
			);
			path = View;
			sourceTree = "<group>";
		};
		6AF9E4731F78E963005E901C /* Mine */ = {
			isa = PBXGroup;
			children = (
				6AF9E4741F78E963005E901C /* Controller */,
				6AF9E4751F78E963005E901C /* Logic */,
				6AF9E4761F78E963005E901C /* Model */,
				6AF9E4771F78E963005E901C /* Resource */,
				6AF9E4781F78E963005E901C /* Service */,
				6AF9E4791F78E963005E901C /* View */,
			);
			path = Mine;
			sourceTree = "<group>";
		};
		6AF9E4741F78E963005E901C /* Controller */ = {
			isa = PBXGroup;
			children = (
				6AF9E4811F78EA3B005E901C /* XGQBMineViewController.h */,
				6AF9E4821F78EA3B005E901C /* XGQBMineViewController.m */,
			);
			path = Controller;
			sourceTree = "<group>";
		};
		6AF9E4751F78E963005E901C /* Logic */ = {
			isa = PBXGroup;
			children = (
			);
			path = Logic;
			sourceTree = "<group>";
		};
		6AF9E4761F78E963005E901C /* Model */ = {
			isa = PBXGroup;
			children = (
			);
			path = Model;
			sourceTree = "<group>";
		};
		6AF9E4771F78E963005E901C /* Resource */ = {
			isa = PBXGroup;
			children = (
			);
			path = Resource;
			sourceTree = "<group>";
		};
		6AF9E4781F78E963005E901C /* Service */ = {
			isa = PBXGroup;
			children = (
			);
			path = Service;
			sourceTree = "<group>";
		};
		6AF9E4791F78E963005E901C /* View */ = {
			isa = PBXGroup;
			children = (
				4255866F1F94C84D002E039B /* XGQBMineTableView.h */,
				425586701F94C84D002E039B /* XGQBMineTableView.m */,
				425586691F94A85B002E039B /* XGQBMineHeaderView.h */,
				4255866A1F94A85B002E039B /* XGQBMineHeaderView.m */,
				4255866C1F94A879002E039B /* XGQBMineItemCell.h */,
				4255866D1F94A879002E039B /* XGQBMineItemCell.m */,
			);
			path = View;
			sourceTree = "<group>";
		};
		6AF9E4881F78ED8E005E901C /* RootNavigationController */ = {
			isa = PBXGroup;
			children = (
				6AF9E4891F78EDA9005E901C /* XGQBRootNavigationController.h */,
				6AF9E48A1F78EDA9005E901C /* XGQBRootNavigationController.m */,
			);
			path = RootNavigationController;
			sourceTree = "<group>";
		};
		F46AE97D7C6398810D988EDD /* Pods */ = {
			isa = PBXGroup;
			children = (
				A1D6E6C49142EAB9057AFA1A /* Pods-XinguangWallet.debug.xcconfig */,
				BC42FA44C79E3FAE16512E1B /* Pods-XinguangWallet.release.xcconfig */,
			);
			name = Pods;
			sourceTree = "<group>";
		};
		F6535A29D649472AA58B4289 /* Libraries */ = {
			isa = PBXGroup;
			children = (
				A7A2E382AB7A45F3A23A18FE /* RCTContacts.xcodeproj */,
			);
			name = Libraries;
			sourceTree = "<group>";
		};
/* End PBXGroup section */

/* Begin PBXNativeTarget section */
		6AF9E3F91F78DDB6005E901C /* XinguangWallet */ = {
			isa = PBXNativeTarget;
			buildConfigurationList = 6AF9E4261F78DDB6005E901C /* Build configuration list for PBXNativeTarget "XinguangWallet" */;
			buildPhases = (
				20A6620A2265CF4414D2B9EF /* [CP] Check Pods Manifest.lock */,
				6AF9E3F61F78DDB6005E901C /* Sources */,
				6AF9E3F71F78DDB6005E901C /* Frameworks */,
				6AF9E3F81F78DDB6005E901C /* Resources */,
				BB8F11E9AD4D0B381CFA2910 /* [CP] Embed Pods Frameworks */,
				26353B2FFF38C6AC030E0722 /* [CP] Copy Pods Resources */,
			);
			buildRules = (
			);
			dependencies = (
			);
			name = XinguangWallet;
			productName = XinguangWallet;
			productReference = 6AF9E3FA1F78DDB6005E901C /* XinguangWallet.app */;
			productType = "com.apple.product-type.application";
		};
		6AF9E4111F78DDB6005E901C /* XinguangWalletTests */ = {
			isa = PBXNativeTarget;
			buildConfigurationList = 6AF9E4291F78DDB6005E901C /* Build configuration list for PBXNativeTarget "XinguangWalletTests" */;
			buildPhases = (
				6AF9E40E1F78DDB6005E901C /* Sources */,
				6AF9E40F1F78DDB6005E901C /* Frameworks */,
				6AF9E4101F78DDB6005E901C /* Resources */,
			);
			buildRules = (
			);
			dependencies = (
				6AF9E4141F78DDB6005E901C /* PBXTargetDependency */,
			);
			name = XinguangWalletTests;
			productName = XinguangWalletTests;
			productReference = 6AF9E4121F78DDB6005E901C /* XinguangWalletTests.xctest */;
			productType = "com.apple.product-type.bundle.unit-test";
		};
		6AF9E41C1F78DDB6005E901C /* XinguangWalletUITests */ = {
			isa = PBXNativeTarget;
			buildConfigurationList = 6AF9E42C1F78DDB6005E901C /* Build configuration list for PBXNativeTarget "XinguangWalletUITests" */;
			buildPhases = (
				6AF9E4191F78DDB6005E901C /* Sources */,
				6AF9E41A1F78DDB6005E901C /* Frameworks */,
				6AF9E41B1F78DDB6005E901C /* Resources */,
			);
			buildRules = (
			);
			dependencies = (
				6AF9E41F1F78DDB6005E901C /* PBXTargetDependency */,
			);
			name = XinguangWalletUITests;
			productName = XinguangWalletUITests;
			productReference = 6AF9E41D1F78DDB6005E901C /* XinguangWalletUITests.xctest */;
			productType = "com.apple.product-type.bundle.ui-testing";
		};
/* End PBXNativeTarget section */

/* Begin PBXProject section */
		6AF9E3F21F78DDB6005E901C /* Project object */ = {
			isa = PBXProject;
			attributes = {
				CLASSPREFIX = XGQB;
				LastUpgradeCheck = 900;
				ORGANIZATIONNAME = "Hangzhou Neopay Co.,Ltd";
				TargetAttributes = {
					6AF9E3F91F78DDB6005E901C = {
						CreatedOnToolsVersion = 9.0;
						ProvisioningStyle = Automatic;
						SystemCapabilities = {
							com.apple.BackgroundModes = {
								enabled = 1;
							};
							com.apple.Push = {
								enabled = 1;
							};
						};
					};
					6AF9E4111F78DDB6005E901C = {
						CreatedOnToolsVersion = 9.0;
						ProvisioningStyle = Automatic;
						TestTargetID = 6AF9E3F91F78DDB6005E901C;
					};
					6AF9E41C1F78DDB6005E901C = {
						CreatedOnToolsVersion = 9.0;
						ProvisioningStyle = Automatic;
						TestTargetID = 6AF9E3F91F78DDB6005E901C;
					};
				};
			};
			buildConfigurationList = 6AF9E3F51F78DDB6005E901C /* Build configuration list for PBXProject "XinguangWallet" */;
			compatibilityVersion = "Xcode 8.0";
			developmentRegion = en;
			hasScannedForEncodings = 0;
			knownRegions = (
				en,
				Base,
			);
			mainGroup = 6AF9E3F11F78DDB6005E901C;
			productRefGroup = 6AF9E3FB1F78DDB6005E901C /* Products */;
			projectDirPath = "";
			projectReferences = (
				{
					ProductGroup = 4281B52C1FB1D57200EFE342 /* Products */;
					ProjectRef = A7A2E382AB7A45F3A23A18FE /* RCTContacts.xcodeproj */;
				},
			);
			projectRoot = "";
			targets = (
				6AF9E3F91F78DDB6005E901C /* XinguangWallet */,
				6AF9E4111F78DDB6005E901C /* XinguangWalletTests */,
				6AF9E41C1F78DDB6005E901C /* XinguangWalletUITests */,
			);
		};
/* End PBXProject section */

/* Begin PBXReferenceProxy section */
		4281B5301FB1D57200EFE342 /* libRCTContacts.a */ = {
			isa = PBXReferenceProxy;
			fileType = archive.ar;
			path = libRCTContacts.a;
			remoteRef = 4281B52F1FB1D57200EFE342 /* PBXContainerItemProxy */;
			sourceTree = BUILT_PRODUCTS_DIR;
		};
/* End PBXReferenceProxy section */

/* Begin PBXResourcesBuildPhase section */
		6AF9E3F81F78DDB6005E901C /* Resources */ = {
			isa = PBXResourcesBuildPhase;
			buildActionMask = 2147483647;
			files = (
				42DD31DB1F8C71BA00B435EA /* Assets.xcassets in Resources */,
				42D5377A1FB03C7900AFB2F7 /* assets in Resources */,
				42D5377C1FB03C8600AFB2F7 /* main.jsbundle in Resources */,
				421412EA1FA0808500290A06 /* mess.plist in Resources */,
				6AF9E40A1F78DDB6005E901C /* LaunchScreen.storyboard in Resources */,
			);
			runOnlyForDeploymentPostprocessing = 0;
		};
		6AF9E4101F78DDB6005E901C /* Resources */ = {
			isa = PBXResourcesBuildPhase;
			buildActionMask = 2147483647;
			files = (
			);
			runOnlyForDeploymentPostprocessing = 0;
		};
		6AF9E41B1F78DDB6005E901C /* Resources */ = {
			isa = PBXResourcesBuildPhase;
			buildActionMask = 2147483647;
			files = (
			);
			runOnlyForDeploymentPostprocessing = 0;
		};
/* End PBXResourcesBuildPhase section */

/* Begin PBXShellScriptBuildPhase section */
		20A6620A2265CF4414D2B9EF /* [CP] Check Pods Manifest.lock */ = {
			isa = PBXShellScriptBuildPhase;
			buildActionMask = 2147483647;
			files = (
			);
			inputPaths = (
				"${PODS_PODFILE_DIR_PATH}/Podfile.lock",
				"${PODS_ROOT}/Manifest.lock",
			);
			name = "[CP] Check Pods Manifest.lock";
			outputPaths = (
				"$(DERIVED_FILE_DIR)/Pods-XinguangWallet-checkManifestLockResult.txt",
			);
			runOnlyForDeploymentPostprocessing = 0;
			shellPath = /bin/sh;
			shellScript = "diff \"${PODS_PODFILE_DIR_PATH}/Podfile.lock\" \"${PODS_ROOT}/Manifest.lock\" > /dev/null\nif [ $? != 0 ] ; then\n    # print error to STDERR\n    echo \"error: The sandbox is not in sync with the Podfile.lock. Run 'pod install' or update your CocoaPods installation.\" >&2\n    exit 1\nfi\n# This output is used by Xcode 'outputs' to avoid re-running this script phase.\necho \"SUCCESS\" > \"${SCRIPT_OUTPUT_FILE_0}\"\n";
			showEnvVarsInLog = 0;
		};
		26353B2FFF38C6AC030E0722 /* [CP] Copy Pods Resources */ = {
			isa = PBXShellScriptBuildPhase;
			buildActionMask = 2147483647;
			files = (
			);
			inputPaths = (
				"${SRCROOT}/Pods/Target Support Files/Pods-XinguangWallet/Pods-XinguangWallet-resources.sh",
				"${PODS_ROOT}/IQKeyboardManager/IQKeyboardManager/Resources/IQKeyboardManager.bundle",
				"${PODS_ROOT}/SVProgressHUD/SVProgressHUD/SVProgressHUD.bundle",
			);
			name = "[CP] Copy Pods Resources";
			outputPaths = (
				"${TARGET_BUILD_DIR}/${UNLOCALIZED_RESOURCES_FOLDER_PATH}",
			);
			runOnlyForDeploymentPostprocessing = 0;
			shellPath = /bin/sh;
			shellScript = "\"${SRCROOT}/Pods/Target Support Files/Pods-XinguangWallet/Pods-XinguangWallet-resources.sh\"\n";
			showEnvVarsInLog = 0;
		};
		BB8F11E9AD4D0B381CFA2910 /* [CP] Embed Pods Frameworks */ = {
			isa = PBXShellScriptBuildPhase;
			buildActionMask = 2147483647;
			files = (
			);
			inputPaths = (
			);
			name = "[CP] Embed Pods Frameworks";
			outputPaths = (
			);
			runOnlyForDeploymentPostprocessing = 0;
			shellPath = /bin/sh;
			shellScript = "\"${SRCROOT}/Pods/Target Support Files/Pods-XinguangWallet/Pods-XinguangWallet-frameworks.sh\"\n";
			showEnvVarsInLog = 0;
		};
/* End PBXShellScriptBuildPhase section */

/* Begin PBXSourcesBuildPhase section */
		6AF9E3F61F78DDB6005E901C /* Sources */ = {
			isa = PBXSourcesBuildPhase;
			buildActionMask = 2147483647;
			files = (
				42990E791F99942000B20EBA /* XGQBNetworkFailureViewController.m in Sources */,
				6AD95B321F7D064100BFF4DA /* AssistCoreService.m in Sources */,
				42990E7C1F99D06D00B20EBA /* XGQBRegResetPwdTVController.m in Sources */,
				6A0FF9D61F7F3A0E001A66BA /* commModule.m in Sources */,
				4210AF431F95D1ED008132C5 /* XGQBActiMessTVC.m in Sources */,
				6AD95B331F7D064100BFF4DA /* BalanceCoreService.m in Sources */,
				42990E761F998F7C00B20EBA /* XGQBNoContentViewController.m in Sources */,
				42B98A371FA2FC2700850FDB /* XGQBAccountExistAlertViewController.m in Sources */,
				428F56EF1F99E44500615DFE /* XGQBLoginInputView.m in Sources */,
				6AD95B341F7D064100BFF4DA /* BankCardCoreService.m in Sources */,
				42DD31DE1F8C748D00B435EA /* XGQBHomeBanner.m in Sources */,
				6AD95B351F7D064100BFF4DA /* MemberCoreService.m in Sources */,
				6AD95B361F7D064100BFF4DA /* MerchantCoreService.m in Sources */,
				425586711F94C84D002E039B /* XGQBMineTableView.m in Sources */,
				6AE813A81F7B52D40044B072 /* XGQBHomeViewController.m in Sources */,
				422895731F8F5152005E16E1 /* XGQBRegisterTVCell.m in Sources */,
				6A5F69C71F7B930200B16B31 /* XGQBPureColorBtn.m in Sources */,
				6AE813A71F7B52960044B072 /* XGQBAppManager.m in Sources */,
				42395CEB1F8E00A800D20130 /* XGQBIDAlertView.m in Sources */,
				6AF78B901F8B617E002EAAB2 /* XGQBHomeCellView.m in Sources */,
				6AF4A75A1F7A31EF006AE5E8 /* IphoneDevice.m in Sources */,
				421412ED1FA08FDD00290A06 /* XGQBActiRedPView.m in Sources */,
				6AF4A75B1F7A31EF006AE5E8 /* SystemMethods.m in Sources */,
				4210AF461F95D20D008132C5 /* XGQBCommMessTVC.m in Sources */,
				6A8758E21F7A2D0300F480EF /* GVUserDefaults+PropertyList.m in Sources */,
				6A01A01D1F7A2AF70059D6D3 /* ABNetworkManager.m in Sources */,
				6AF9E47A1F78E9D4005E901C /* XGQBRootViewController.m in Sources */,
				6AF9E4541F78E675005E901C /* XGQBTabBarItem.m in Sources */,
				42C0583D1F87771800DE73B6 /* XGQBCountTimeBtn.m in Sources */,
				6AF78B8D1F8B60ED002EAAB2 /* XGQBHomeCellBtn.m in Sources */,
				422A2D821F8F02F500485DB5 /* XGQBHomeTitleView.m in Sources */,
				6A792B991F7F6E53009039AF /* XGQBRegRestPwdTVCell.m in Sources */,
				6A792B9C1F7F98A2009039AF /* XGQBTextField.m in Sources */,
				6AF9E43C1F78E0E9005E901C /* AppDelegate+PushService.m in Sources */,
				42B98A3A1FA2FC5B00850FDB /* XGQBAccountExistAlertView.m in Sources */,
				6AF9E4511F78E659005E901C /* XGQBTabBar.m in Sources */,
				6AF9E4801F78EA2F005E901C /* XGQBMessageViewController.m in Sources */,
				42395CEE1F8E00FA00D20130 /* XGQBIDAlertViewController.m in Sources */,
				6AF78B931F8B76CD002EAAB2 /* XGQBHomeBannerView.m in Sources */,
				6A4352011F7E22E7009971FD /* YYFPSLabel.m in Sources */,
				42D44AA11F8CCF060064A32D /* XGQBRNViewController.m in Sources */,
				4210AF401F95CE6D008132C5 /* XGQBCommissionViewController.m in Sources */,
				6AF9E4371F78E039005E901C /* AppDelegate.m in Sources */,
				422895701F8F4B88005E16E1 /* XGQBIDRegisterTableViewController.m in Sources */,
				6A1C68AD1F7A3CF400170E47 /* XGQBAPPBootViewController.m in Sources */,
				6AF9E43D1F78E0E9005E901C /* AppDelegate+AppService.m in Sources */,
				4255866B1F94A85B002E039B /* XGQBMineHeaderView.m in Sources */,
				6AF9E48B1F78EDA9005E901C /* XGQBRootNavigationController.m in Sources */,
				42395CF11F8E069300D20130 /* XGQBIDAlertTransiton.m in Sources */,
				6AF9E40D1F78DDB6005E901C /* main.m in Sources */,
				42D44AA41F8CD3CC0064A32D /* XGQBHomeTitleBtn.m in Sources */,
				6AF9E4571F78E68E005E901C /* XGQBTabBarBadge.m in Sources */,
				6AF9E44D1F78E39E005E901C /* XGQBMainTabBarViewController.m in Sources */,
				6A3843CC1F79E46600BFE9B4 /* XGQBLoginViewController.m in Sources */,
				6AE813A41F7B4D550044B072 /* XGQBAdViewController.m in Sources */,
				6AF9E4831F78EA3B005E901C /* XGQBMineViewController.m in Sources */,
				4255866E1F94A879002E039B /* XGQBMineItemCell.m in Sources */,
				6AE813961F7B48640044B072 /* XGQBRootWebViewController.m in Sources */,
				6AD95AED1F7CB47900BFF4DA /* NSString+checkContent.m in Sources */,
			);
			runOnlyForDeploymentPostprocessing = 0;
		};
		6AF9E40E1F78DDB6005E901C /* Sources */ = {
			isa = PBXSourcesBuildPhase;
			buildActionMask = 2147483647;
			files = (
				6AF9E4171F78DDB6005E901C /* XinguangWalletTests.m in Sources */,
			);
			runOnlyForDeploymentPostprocessing = 0;
		};
		6AF9E4191F78DDB6005E901C /* Sources */ = {
			isa = PBXSourcesBuildPhase;
			buildActionMask = 2147483647;
			files = (
				6AF9E4221F78DDB6005E901C /* XinguangWalletUITests.m in Sources */,
			);
			runOnlyForDeploymentPostprocessing = 0;
		};
/* End PBXSourcesBuildPhase section */

/* Begin PBXTargetDependency section */
		6AF9E4141F78DDB6005E901C /* PBXTargetDependency */ = {
			isa = PBXTargetDependency;
			target = 6AF9E3F91F78DDB6005E901C /* XinguangWallet */;
			targetProxy = 6AF9E4131F78DDB6005E901C /* PBXContainerItemProxy */;
		};
		6AF9E41F1F78DDB6005E901C /* PBXTargetDependency */ = {
			isa = PBXTargetDependency;
			target = 6AF9E3F91F78DDB6005E901C /* XinguangWallet */;
			targetProxy = 6AF9E41E1F78DDB6005E901C /* PBXContainerItemProxy */;
		};
/* End PBXTargetDependency section */

/* Begin PBXVariantGroup section */
		6AF9E4081F78DDB6005E901C /* LaunchScreen.storyboard */ = {
			isa = PBXVariantGroup;
			children = (
				6AF9E4091F78DDB6005E901C /* Base */,
			);
			name = LaunchScreen.storyboard;
			sourceTree = "<group>";
		};
/* End PBXVariantGroup section */

/* Begin XCBuildConfiguration section */
		6AF9E4241F78DDB6005E901C /* Debug */ = {
			isa = XCBuildConfiguration;
			buildSettings = {
				ALWAYS_SEARCH_USER_PATHS = NO;
				CLANG_ANALYZER_NONNULL = YES;
				CLANG_ANALYZER_NUMBER_OBJECT_CONVERSION = YES_AGGRESSIVE;
				CLANG_CXX_LANGUAGE_STANDARD = "gnu++14";
				CLANG_CXX_LIBRARY = "libc++";
				CLANG_ENABLE_MODULES = YES;
				CLANG_ENABLE_OBJC_ARC = YES;
				CLANG_WARN_BLOCK_CAPTURE_AUTORELEASING = YES;
				CLANG_WARN_BOOL_CONVERSION = YES;
				CLANG_WARN_COMMA = YES;
				CLANG_WARN_CONSTANT_CONVERSION = YES;
				CLANG_WARN_DIRECT_OBJC_ISA_USAGE = YES_ERROR;
				CLANG_WARN_DOCUMENTATION_COMMENTS = NO;
				CLANG_WARN_EMPTY_BODY = YES;
				CLANG_WARN_ENUM_CONVERSION = YES;
				CLANG_WARN_INFINITE_RECURSION = YES;
				CLANG_WARN_INT_CONVERSION = YES;
				CLANG_WARN_NON_LITERAL_NULL_CONVERSION = YES;
				CLANG_WARN_OBJC_LITERAL_CONVERSION = YES;
				CLANG_WARN_OBJC_ROOT_CLASS = YES_ERROR;
				CLANG_WARN_RANGE_LOOP_ANALYSIS = YES;
				CLANG_WARN_STRICT_PROTOTYPES = YES;
				CLANG_WARN_SUSPICIOUS_MOVE = YES;
				CLANG_WARN_UNGUARDED_AVAILABILITY = YES_AGGRESSIVE;
				CLANG_WARN_UNREACHABLE_CODE = YES;
				CLANG_WARN__DUPLICATE_METHOD_MATCH = YES;
				CODE_SIGN_IDENTITY = "iPhone Developer";
				COPY_PHASE_STRIP = NO;
				DEBUG_INFORMATION_FORMAT = dwarf;
				ENABLE_STRICT_OBJC_MSGSEND = YES;
				ENABLE_TESTABILITY = YES;
				GCC_C_LANGUAGE_STANDARD = gnu11;
				GCC_DYNAMIC_NO_PIC = NO;
				GCC_NO_COMMON_BLOCKS = YES;
				GCC_OPTIMIZATION_LEVEL = 0;
				GCC_PREPROCESSOR_DEFINITIONS = (
					"DEBUG=1",
					"$(inherited)",
				);
				GCC_WARN_64_TO_32_BIT_CONVERSION = YES;
				GCC_WARN_ABOUT_RETURN_TYPE = YES_ERROR;
				GCC_WARN_UNDECLARED_SELECTOR = YES;
				GCC_WARN_UNINITIALIZED_AUTOS = YES_AGGRESSIVE;
				GCC_WARN_UNUSED_FUNCTION = YES;
				GCC_WARN_UNUSED_VARIABLE = YES;
				IPHONEOS_DEPLOYMENT_TARGET = 11.0;
				MTL_ENABLE_DEBUG_INFO = YES;
				ONLY_ACTIVE_ARCH = YES;
				SDKROOT = iphoneos;
			};
			name = Debug;
		};
		6AF9E4251F78DDB6005E901C /* Release */ = {
			isa = XCBuildConfiguration;
			buildSettings = {
				ALWAYS_SEARCH_USER_PATHS = NO;
				CLANG_ANALYZER_NONNULL = YES;
				CLANG_ANALYZER_NUMBER_OBJECT_CONVERSION = YES_AGGRESSIVE;
				CLANG_CXX_LANGUAGE_STANDARD = "gnu++14";
				CLANG_CXX_LIBRARY = "libc++";
				CLANG_ENABLE_MODULES = YES;
				CLANG_ENABLE_OBJC_ARC = YES;
				CLANG_WARN_BLOCK_CAPTURE_AUTORELEASING = YES;
				CLANG_WARN_BOOL_CONVERSION = YES;
				CLANG_WARN_COMMA = YES;
				CLANG_WARN_CONSTANT_CONVERSION = YES;
				CLANG_WARN_DIRECT_OBJC_ISA_USAGE = YES_ERROR;
				CLANG_WARN_DOCUMENTATION_COMMENTS = NO;
				CLANG_WARN_EMPTY_BODY = YES;
				CLANG_WARN_ENUM_CONVERSION = YES;
				CLANG_WARN_INFINITE_RECURSION = YES;
				CLANG_WARN_INT_CONVERSION = YES;
				CLANG_WARN_NON_LITERAL_NULL_CONVERSION = YES;
				CLANG_WARN_OBJC_LITERAL_CONVERSION = YES;
				CLANG_WARN_OBJC_ROOT_CLASS = YES_ERROR;
				CLANG_WARN_RANGE_LOOP_ANALYSIS = YES;
				CLANG_WARN_STRICT_PROTOTYPES = YES;
				CLANG_WARN_SUSPICIOUS_MOVE = YES;
				CLANG_WARN_UNGUARDED_AVAILABILITY = YES_AGGRESSIVE;
				CLANG_WARN_UNREACHABLE_CODE = YES;
				CLANG_WARN__DUPLICATE_METHOD_MATCH = YES;
				CODE_SIGN_IDENTITY = "iPhone Developer";
				COPY_PHASE_STRIP = NO;
				DEBUG_INFORMATION_FORMAT = "dwarf-with-dsym";
				ENABLE_NS_ASSERTIONS = NO;
				ENABLE_STRICT_OBJC_MSGSEND = YES;
				GCC_C_LANGUAGE_STANDARD = gnu11;
				GCC_NO_COMMON_BLOCKS = YES;
				GCC_WARN_64_TO_32_BIT_CONVERSION = YES;
				GCC_WARN_ABOUT_RETURN_TYPE = YES_ERROR;
				GCC_WARN_UNDECLARED_SELECTOR = YES;
				GCC_WARN_UNINITIALIZED_AUTOS = YES_AGGRESSIVE;
				GCC_WARN_UNUSED_FUNCTION = YES;
				GCC_WARN_UNUSED_VARIABLE = YES;
				IPHONEOS_DEPLOYMENT_TARGET = 11.0;
				MTL_ENABLE_DEBUG_INFO = NO;
				SDKROOT = iphoneos;
				VALIDATE_PRODUCT = YES;
			};
			name = Release;
		};
		6AF9E4271F78DDB6005E901C /* Debug */ = {
			isa = XCBuildConfiguration;
			baseConfigurationReference = A1D6E6C49142EAB9057AFA1A /* Pods-XinguangWallet.debug.xcconfig */;
			buildSettings = {
				ASSETCATALOG_COMPILER_APPICON_NAME = AppIcon;
				CLANG_WARN_DOCUMENTATION_COMMENTS = NO;
				CODE_SIGN_ENTITLEMENTS = XinguangWallet/XinguangWallet.entitlements;
				"CODE_SIGN_IDENTITY[sdk=iphoneos*]" = "iPhone Developer";
				CODE_SIGN_STYLE = Automatic;
				DEVELOPMENT_TEAM = LBJWZAMBH7;
				GCC_PREFIX_HEADER = "$(SRCROOT)/XinguangWallet/Supporting Files/PrefixHeader.pch";
				INFOPLIST_FILE = "$(SRCROOT)/XinguangWallet/Supporting Files/Info.plist";
				IPHONEOS_DEPLOYMENT_TARGET = 8.0;
				LD_RUNPATH_SEARCH_PATHS = "$(inherited) @executable_path/Frameworks";
				LIBRARY_SEARCH_PATHS = (
					"$(inherited)",
					"\"$(SRCROOT)/$(TARGET_NAME)\"",
				);
				PRODUCT_BUNDLE_IDENTIFIER = "com.Neopay-Wallet.app";
				PRODUCT_NAME = "$(TARGET_NAME)";
				PROVISIONING_PROFILE_SPECIFIER = "";
				TARGETED_DEVICE_FAMILY = 1;
				USER_HEADER_SEARCH_PATHS = "$(SRCROOT)/../node_modules/react-native/React/**";
			};
			name = Debug;
		};
		6AF9E4281F78DDB6005E901C /* Release */ = {
			isa = XCBuildConfiguration;
			baseConfigurationReference = BC42FA44C79E3FAE16512E1B /* Pods-XinguangWallet.release.xcconfig */;
			buildSettings = {
				ASSETCATALOG_COMPILER_APPICON_NAME = AppIcon;
				CLANG_WARN_DOCUMENTATION_COMMENTS = NO;
				CODE_SIGN_ENTITLEMENTS = XinguangWallet/XinguangWallet.entitlements;
				"CODE_SIGN_IDENTITY[sdk=iphoneos*]" = "iPhone Developer";
				CODE_SIGN_STYLE = Automatic;
				DEVELOPMENT_TEAM = LBJWZAMBH7;
				GCC_PREFIX_HEADER = "$(SRCROOT)/XinguangWallet/Supporting Files/PrefixHeader.pch";
				INFOPLIST_FILE = "$(SRCROOT)/XinguangWallet/Supporting Files/Info.plist";
				IPHONEOS_DEPLOYMENT_TARGET = 8.0;
				LD_RUNPATH_SEARCH_PATHS = "$(inherited) @executable_path/Frameworks";
				LIBRARY_SEARCH_PATHS = (
					"$(inherited)",
					"\"$(SRCROOT)/$(TARGET_NAME)\"",
				);
				PRODUCT_BUNDLE_IDENTIFIER = "com.Neopay-Wallet.app";
				PRODUCT_NAME = "$(TARGET_NAME)";
				PROVISIONING_PROFILE_SPECIFIER = "";
				TARGETED_DEVICE_FAMILY = 1;
				USER_HEADER_SEARCH_PATHS = "$(SRCROOT)/../node_modules/react-native/React/**";
			};
			name = Release;
		};
		6AF9E42A1F78DDB6005E901C /* Debug */ = {
			isa = XCBuildConfiguration;
			buildSettings = {
				BUNDLE_LOADER = "$(TEST_HOST)";
				CODE_SIGN_STYLE = Automatic;
				DEVELOPMENT_TEAM = LBJWZAMBH7;
				INFOPLIST_FILE = XinguangWalletTests/Info.plist;
				LD_RUNPATH_SEARCH_PATHS = "$(inherited) @executable_path/Frameworks @loader_path/Frameworks";
				LIBRARY_SEARCH_PATHS = (
					"$(inherited)",
					"\"$(SRCROOT)/$(TARGET_NAME)\"",
				);
				PRODUCT_BUNDLE_IDENTIFIER = com.xinguang.XinguangWalletTests;
				PRODUCT_NAME = "$(TARGET_NAME)";
				TARGETED_DEVICE_FAMILY = "1,2";
				TEST_HOST = "$(BUILT_PRODUCTS_DIR)/XinguangWallet.app/XinguangWallet";
			};
			name = Debug;
		};
		6AF9E42B1F78DDB6005E901C /* Release */ = {
			isa = XCBuildConfiguration;
			buildSettings = {
				BUNDLE_LOADER = "$(TEST_HOST)";
				CODE_SIGN_STYLE = Automatic;
				DEVELOPMENT_TEAM = LBJWZAMBH7;
				INFOPLIST_FILE = XinguangWalletTests/Info.plist;
				LD_RUNPATH_SEARCH_PATHS = "$(inherited) @executable_path/Frameworks @loader_path/Frameworks";
				LIBRARY_SEARCH_PATHS = (
					"$(inherited)",
					"\"$(SRCROOT)/$(TARGET_NAME)\"",
				);
				PRODUCT_BUNDLE_IDENTIFIER = com.xinguang.XinguangWalletTests;
				PRODUCT_NAME = "$(TARGET_NAME)";
				TARGETED_DEVICE_FAMILY = "1,2";
				TEST_HOST = "$(BUILT_PRODUCTS_DIR)/XinguangWallet.app/XinguangWallet";
			};
			name = Release;
		};
		6AF9E42D1F78DDB6005E901C /* Debug */ = {
			isa = XCBuildConfiguration;
			buildSettings = {
				CODE_SIGN_STYLE = Automatic;
				DEVELOPMENT_TEAM = LBJWZAMBH7;
				INFOPLIST_FILE = XinguangWalletUITests/Info.plist;
				LD_RUNPATH_SEARCH_PATHS = "$(inherited) @executable_path/Frameworks @loader_path/Frameworks";
				LIBRARY_SEARCH_PATHS = (
					"$(inherited)",
					"\"$(SRCROOT)/$(TARGET_NAME)\"",
				);
				PRODUCT_BUNDLE_IDENTIFIER = com.xinguang.XinguangWalletUITests;
				PRODUCT_NAME = "$(TARGET_NAME)";
				TARGETED_DEVICE_FAMILY = "1,2";
				TEST_TARGET_NAME = XinguangWallet;
			};
			name = Debug;
		};
		6AF9E42E1F78DDB6005E901C /* Release */ = {
			isa = XCBuildConfiguration;
			buildSettings = {
				CODE_SIGN_STYLE = Automatic;
				DEVELOPMENT_TEAM = LBJWZAMBH7;
				INFOPLIST_FILE = XinguangWalletUITests/Info.plist;
				LD_RUNPATH_SEARCH_PATHS = "$(inherited) @executable_path/Frameworks @loader_path/Frameworks";
				LIBRARY_SEARCH_PATHS = (
					"$(inherited)",
					"\"$(SRCROOT)/$(TARGET_NAME)\"",
				);
				PRODUCT_BUNDLE_IDENTIFIER = com.xinguang.XinguangWalletUITests;
				PRODUCT_NAME = "$(TARGET_NAME)";
				TARGETED_DEVICE_FAMILY = "1,2";
				TEST_TARGET_NAME = XinguangWallet;
			};
			name = Release;
		};
/* End XCBuildConfiguration section */

/* Begin XCConfigurationList section */
		6AF9E3F51F78DDB6005E901C /* Build configuration list for PBXProject "XinguangWallet" */ = {
			isa = XCConfigurationList;
			buildConfigurations = (
				6AF9E4241F78DDB6005E901C /* Debug */,
				6AF9E4251F78DDB6005E901C /* Release */,
			);
			defaultConfigurationIsVisible = 0;
			defaultConfigurationName = Release;
		};
		6AF9E4261F78DDB6005E901C /* Build configuration list for PBXNativeTarget "XinguangWallet" */ = {
			isa = XCConfigurationList;
			buildConfigurations = (
				6AF9E4271F78DDB6005E901C /* Debug */,
				6AF9E4281F78DDB6005E901C /* Release */,
			);
			defaultConfigurationIsVisible = 0;
			defaultConfigurationName = Release;
		};
		6AF9E4291F78DDB6005E901C /* Build configuration list for PBXNativeTarget "XinguangWalletTests" */ = {
			isa = XCConfigurationList;
			buildConfigurations = (
				6AF9E42A1F78DDB6005E901C /* Debug */,
				6AF9E42B1F78DDB6005E901C /* Release */,
			);
			defaultConfigurationIsVisible = 0;
			defaultConfigurationName = Release;
		};
		6AF9E42C1F78DDB6005E901C /* Build configuration list for PBXNativeTarget "XinguangWalletUITests" */ = {
			isa = XCConfigurationList;
			buildConfigurations = (
				6AF9E42D1F78DDB6005E901C /* Debug */,
				6AF9E42E1F78DDB6005E901C /* Release */,
			);
			defaultConfigurationIsVisible = 0;
			defaultConfigurationName = Release;
		};
/* End XCConfigurationList section */
	};
	rootObject = 6AF9E3F21F78DDB6005E901C /* Project object */;
}
